
Microsoft Visual Studio Solution File, Format Version 12.00
# Visual Studio 15
VisualStudioVersion = 15.0.27428.2037
MinimumVisualStudioVersion = 10.0.40219.1
Project("{2150E333-8FDC-42A3-9474-1A3956D46DE8}") = "01kintamieji", "01kintamieji", "{1DEB39A6-498F-498E-9BA8-77CD6FCF070A}"
EndProject
Project("{2150E333-8FDC-42A3-9474-1A3956D46DE8}") = "02isvedimas", "02isvedimas", "{1BA40D4F-C4A0-49B9-AE4D-9337C8BD8F34}"
EndProject
Project("{2150E333-8FDC-42A3-9474-1A3956D46DE8}") = "03aritmetiniai veiksmai", "03aritmetiniai veiksmai", "{09F29B8E-E737-4277-BAFA-9ADEA1BFC1A8}"
EndProject
Project("{2150E333-8FDC-42A3-9474-1A3956D46DE8}") = "04ivedimas", "04ivedimas", "{0AC58DF3-39D5-4A8C-8DAF-35A324D38417}"
EndProject
Project("{FAE04EC0-301F-11D3-BF4B-00C04F79EFBC}") = "1-1uzduotis", "1-1uzduotis\1-1uzduotis.csproj", "{BF55E533-6958-4F9E-A599-BE9495534421}"
EndProject
Project("{FAE04EC0-301F-11D3-BF4B-00C04F79EFBC}") = "2_1uzduotis", "2_1uzduotis\2_1uzduotis.csproj", "{361F42FD-FC7F-4362-BC19-67EFC64B6A90}"
EndProject
Project("{FAE04EC0-301F-11D3-BF4B-00C04F79EFBC}") = "2_2uzd", "2_2uzd\2_2uzd.csproj", "{073608A1-D2CC-4B84-A82A-62392F90E575}"
EndProject
Project("{FAE04EC0-301F-11D3-BF4B-00C04F79EFBC}") = "2_3uzd", "ConsoleApp3\2_3uzd.csproj", "{6C03F927-B3B5-49A7-9F83-D65CACE30835}"
EndProject
Project("{FAE04EC0-301F-11D3-BF4B-00C04F79EFBC}") = "2_4uzd", "2_4uzd\2_4uzd.csproj", "{D82516E8-DE51-45D9-820A-CA853D4479CE}"
EndProject
Project("{FAE04EC0-301F-11D3-BF4B-00C04F79EFBC}") = "2_5uzd", "2_5uzd\2_5uzd.csproj", "{CBC58F30-6D67-4A91-B7E0-EDCFE0118CDF}"
EndProject
Project("{FAE04EC0-301F-11D3-BF4B-00C04F79EFBC}") = "2_6uzd", "2_6uzd\2_6uzd.csproj", "{69AEA626-8A20-4E6A-BF51-1D9DA3A121E2}"
EndProject
Project("{FAE04EC0-301F-11D3-BF4B-00C04F79EFBC}") = "3_1uzd", "3_1uzd\3_1uzd.csproj", "{E7FD1485-8C76-4C80-A996-8356EF134D76}"
EndProject
Project("{FAE04EC0-301F-11D3-BF4B-00C04F79EFBC}") = "3_2uzd", "3_2uzd\3_2uzd.csproj", "{680C84F5-C12F-40C1-BBCC-78A76303D7FF}"
EndProject
Project("{FAE04EC0-301F-11D3-BF4B-00C04F79EFBC}") = "3_3uzd", "3_3uzd\3_3uzd.csproj", "{EB12990B-EC53-4862-BF60-C7B7732895D3}"
EndProject
Project("{FAE04EC0-301F-11D3-BF4B-00C04F79EFBC}") = "3_4uzd", "3_4uzd\3_4uzd.csproj", "{C4BE7CFD-9A05-45FA-852A-C55FF45B8436}"
EndProject
Project("{FAE04EC0-301F-11D3-BF4B-00C04F79EFBC}") = "3_5uzd", "3_5uzd\3_5uzd.csproj", "{C369667B-F277-4EA5-A00E-5B6C5F55D748}"
EndProject
Project("{FAE04EC0-301F-11D3-BF4B-00C04F79EFBC}") = "3_6uzd", "3_6uzd\3_6uzd.csproj", "{83188D98-72C2-476B-AE87-B56E8F414F60}"
EndProject
Project("{FAE04EC0-301F-11D3-BF4B-00C04F79EFBC}") = "test", "test\test.csproj", "{0CB1B14C-D16B-47A5-ABCF-34E94DDB3D76}"
EndProject
Project("{FAE04EC0-301F-11D3-BF4B-00C04F79EFBC}") = "4_1uzd", "4_1uzd\4_1uzd.csproj", "{9682AEA0-6BE6-4C18-ADB1-05820F61918F}"
EndProject
Project("{FAE04EC0-301F-11D3-BF4B-00C04F79EFBC}") = "4_2uzd", "4_2uzd\4_2uzd.csproj", "{52422479-09E4-4F65-AD81-56853C13DCBD}"
EndProject
Project("{FAE04EC0-301F-11D3-BF4B-00C04F79EFBC}") = "4_3uzd", "4_3uzd\4_3uzd.csproj", "{8D983A25-A103-45DA-8599-149465DE03EE}"
EndProject
Project("{FAE04EC0-301F-11D3-BF4B-00C04F79EFBC}") = "4_4uzd", "4_4uzd\4_4uzd.csproj", "{1F73AB14-0161-4F13-9C5D-0D6C98DBA277}"
EndProject
Project("{FAE04EC0-301F-11D3-BF4B-00C04F79EFBC}") = "4_5uzd", "4_5uzd\4_5uzd.csproj", "{8E7733D5-BEA3-40B6-9D00-813734CA0E34}"
EndProject
Project("{FAE04EC0-301F-11D3-BF4B-00C04F79EFBC}") = "4_6uzd", "4_6uzd\4_6uzd.csproj", "{5EDC7823-1556-4A1E-9CC5-BF4E2788E970}"
EndProject
Project("{FAE04EC0-301F-11D3-BF4B-00C04F79EFBC}") = "4_7uzd", "4_7uzd\4_7uzd.csproj", "{8EEE3B33-682A-420F-B69E-0B9BC7DD6316}"
EndProject
Project("{2150E333-8FDC-42A3-9474-1A3956D46DE8}") = "05ifsalyga", "05ifsalyga", "{F9EBA015-C455-47FD-906E-0C42C300712B}"
EndProject
Project("{FAE04EC0-301F-11D3-BF4B-00C04F79EFBC}") = "iftest", "iftest\iftest.csproj", "{0324BE2D-0860-4493-AC5E-28381ACD1E37}"
EndProject
Project("{FAE04EC0-301F-11D3-BF4B-00C04F79EFBC}") = "5_1uzd", "5_1uzd\5_1uzd.csproj", "{08AA35C7-3DB3-470C-9380-AD06736B083D}"
EndProject
Project("{FAE04EC0-301F-11D3-BF4B-00C04F79EFBC}") = "5_2uzd", "5_2uzd\5_2uzd.csproj", "{9D58E7F3-78AD-415B-935E-BCC4DC16CFCD}"
EndProject
Project("{FAE04EC0-301F-11D3-BF4B-00C04F79EFBC}") = "5_3uzd", "5_3uzd\5_3uzd.csproj", "{9A0C9C1E-7135-4159-B587-135CD07FEC0F}"
EndProject
Project("{FAE04EC0-301F-11D3-BF4B-00C04F79EFBC}") = "5_4uzd", "5_4uzd\5_4uzd.csproj", "{F58F6698-03CB-404B-8B57-85101AE81D43}"
EndProject
Global
	GlobalSection(SolutionConfigurationPlatforms) = preSolution
		Debug|Any CPU = Debug|Any CPU
		Release|Any CPU = Release|Any CPU
	EndGlobalSection
	GlobalSection(ProjectConfigurationPlatforms) = postSolution
		{BF55E533-6958-4F9E-A599-BE9495534421}.Debug|Any CPU.ActiveCfg = Debug|Any CPU
		{BF55E533-6958-4F9E-A599-BE9495534421}.Debug|Any CPU.Build.0 = Debug|Any CPU
		{BF55E533-6958-4F9E-A599-BE9495534421}.Release|Any CPU.ActiveCfg = Release|Any CPU
		{BF55E533-6958-4F9E-A599-BE9495534421}.Release|Any CPU.Build.0 = Release|Any CPU
		{361F42FD-FC7F-4362-BC19-67EFC64B6A90}.Debug|Any CPU.ActiveCfg = Debug|Any CPU
		{361F42FD-FC7F-4362-BC19-67EFC64B6A90}.Debug|Any CPU.Build.0 = Debug|Any CPU
		{361F42FD-FC7F-4362-BC19-67EFC64B6A90}.Release|Any CPU.ActiveCfg = Release|Any CPU
		{361F42FD-FC7F-4362-BC19-67EFC64B6A90}.Release|Any CPU.Build.0 = Release|Any CPU
		{073608A1-D2CC-4B84-A82A-62392F90E575}.Debug|Any CPU.ActiveCfg = Debug|Any CPU
		{073608A1-D2CC-4B84-A82A-62392F90E575}.Debug|Any CPU.Build.0 = Debug|Any CPU
		{073608A1-D2CC-4B84-A82A-62392F90E575}.Release|Any CPU.ActiveCfg = Release|Any CPU
		{073608A1-D2CC-4B84-A82A-62392F90E575}.Release|Any CPU.Build.0 = Release|Any CPU
		{6C03F927-B3B5-49A7-9F83-D65CACE30835}.Debug|Any CPU.ActiveCfg = Debug|Any CPU
		{6C03F927-B3B5-49A7-9F83-D65CACE30835}.Debug|Any CPU.Build.0 = Debug|Any CPU
		{6C03F927-B3B5-49A7-9F83-D65CACE30835}.Release|Any CPU.ActiveCfg = Release|Any CPU
		{6C03F927-B3B5-49A7-9F83-D65CACE30835}.Release|Any CPU.Build.0 = Release|Any CPU
		{D82516E8-DE51-45D9-820A-CA853D4479CE}.Debug|Any CPU.ActiveCfg = Debug|Any CPU
		{D82516E8-DE51-45D9-820A-CA853D4479CE}.Debug|Any CPU.Build.0 = Debug|Any CPU
		{D82516E8-DE51-45D9-820A-CA853D4479CE}.Release|Any CPU.ActiveCfg = Release|Any CPU
		{D82516E8-DE51-45D9-820A-CA853D4479CE}.Release|Any CPU.Build.0 = Release|Any CPU
		{CBC58F30-6D67-4A91-B7E0-EDCFE0118CDF}.Debug|Any CPU.ActiveCfg = Debug|Any CPU
		{CBC58F30-6D67-4A91-B7E0-EDCFE0118CDF}.Debug|Any CPU.Build.0 = Debug|Any CPU
		{CBC58F30-6D67-4A91-B7E0-EDCFE0118CDF}.Release|Any CPU.ActiveCfg = Release|Any CPU
		{CBC58F30-6D67-4A91-B7E0-EDCFE0118CDF}.Release|Any CPU.Build.0 = Release|Any CPU
		{69AEA626-8A20-4E6A-BF51-1D9DA3A121E2}.Debug|Any CPU.ActiveCfg = Debug|Any CPU
		{69AEA626-8A20-4E6A-BF51-1D9DA3A121E2}.Debug|Any CPU.Build.0 = Debug|Any CPU
		{69AEA626-8A20-4E6A-BF51-1D9DA3A121E2}.Release|Any CPU.ActiveCfg = Release|Any CPU
		{69AEA626-8A20-4E6A-BF51-1D9DA3A121E2}.Release|Any CPU.Build.0 = Release|Any CPU
		{E7FD1485-8C76-4C80-A996-8356EF134D76}.Debug|Any CPU.ActiveCfg = Debug|Any CPU
		{E7FD1485-8C76-4C80-A996-8356EF134D76}.Debug|Any CPU.Build.0 = Debug|Any CPU
		{E7FD1485-8C76-4C80-A996-8356EF134D76}.Release|Any CPU.ActiveCfg = Release|Any CPU
		{E7FD1485-8C76-4C80-A996-8356EF134D76}.Release|Any CPU.Build.0 = Release|Any CPU
		{680C84F5-C12F-40C1-BBCC-78A76303D7FF}.Debug|Any CPU.ActiveCfg = Debug|Any CPU
		{680C84F5-C12F-40C1-BBCC-78A76303D7FF}.Debug|Any CPU.Build.0 = Debug|Any CPU
		{680C84F5-C12F-40C1-BBCC-78A76303D7FF}.Release|Any CPU.ActiveCfg = Release|Any CPU
		{680C84F5-C12F-40C1-BBCC-78A76303D7FF}.Release|Any CPU.Build.0 = Release|Any CPU
		{EB12990B-EC53-4862-BF60-C7B7732895D3}.Debug|Any CPU.ActiveCfg = Debug|Any CPU
		{EB12990B-EC53-4862-BF60-C7B7732895D3}.Debug|Any CPU.Build.0 = Debug|Any CPU
		{EB12990B-EC53-4862-BF60-C7B7732895D3}.Release|Any CPU.ActiveCfg = Release|Any CPU
		{EB12990B-EC53-4862-BF60-C7B7732895D3}.Release|Any CPU.Build.0 = Release|Any CPU
		{C4BE7CFD-9A05-45FA-852A-C55FF45B8436}.Debug|Any CPU.ActiveCfg = Debug|Any CPU
		{C4BE7CFD-9A05-45FA-852A-C55FF45B8436}.Debug|Any CPU.Build.0 = Debug|Any CPU
		{C4BE7CFD-9A05-45FA-852A-C55FF45B8436}.Release|Any CPU.ActiveCfg = Release|Any CPU
		{C4BE7CFD-9A05-45FA-852A-C55FF45B8436}.Release|Any CPU.Build.0 = Release|Any CPU
		{C369667B-F277-4EA5-A00E-5B6C5F55D748}.Debug|Any CPU.ActiveCfg = Debug|Any CPU
		{C369667B-F277-4EA5-A00E-5B6C5F55D748}.Debug|Any CPU.Build.0 = Debug|Any CPU
		{C369667B-F277-4EA5-A00E-5B6C5F55D748}.Release|Any CPU.ActiveCfg = Release|Any CPU
		{C369667B-F277-4EA5-A00E-5B6C5F55D748}.Release|Any CPU.Build.0 = Release|Any CPU
		{83188D98-72C2-476B-AE87-B56E8F414F60}.Debug|Any CPU.ActiveCfg = Debug|Any CPU
		{83188D98-72C2-476B-AE87-B56E8F414F60}.Debug|Any CPU.Build.0 = Debug|Any CPU
		{83188D98-72C2-476B-AE87-B56E8F414F60}.Release|Any CPU.ActiveCfg = Release|Any CPU
		{83188D98-72C2-476B-AE87-B56E8F414F60}.Release|Any CPU.Build.0 = Release|Any CPU
		{0CB1B14C-D16B-47A5-ABCF-34E94DDB3D76}.Debug|Any CPU.ActiveCfg = Debug|Any CPU
		{0CB1B14C-D16B-47A5-ABCF-34E94DDB3D76}.Debug|Any CPU.Build.0 = Debug|Any CPU
		{0CB1B14C-D16B-47A5-ABCF-34E94DDB3D76}.Release|Any CPU.ActiveCfg = Release|Any CPU
		{0CB1B14C-D16B-47A5-ABCF-34E94DDB3D76}.Release|Any CPU.Build.0 = Release|Any CPU
		{9682AEA0-6BE6-4C18-ADB1-05820F61918F}.Debug|Any CPU.ActiveCfg = Debug|Any CPU
		{9682AEA0-6BE6-4C18-ADB1-05820F61918F}.Debug|Any CPU.Build.0 = Debug|Any CPU
		{9682AEA0-6BE6-4C18-ADB1-05820F61918F}.Release|Any CPU.ActiveCfg = Release|Any CPU
		{9682AEA0-6BE6-4C18-ADB1-05820F61918F}.Release|Any CPU.Build.0 = Release|Any CPU
		{52422479-09E4-4F65-AD81-56853C13DCBD}.Debug|Any CPU.ActiveCfg = Debug|Any CPU
		{52422479-09E4-4F65-AD81-56853C13DCBD}.Debug|Any CPU.Build.0 = Debug|Any CPU
		{52422479-09E4-4F65-AD81-56853C13DCBD}.Release|Any CPU.ActiveCfg = Release|Any CPU
		{52422479-09E4-4F65-AD81-56853C13DCBD}.Release|Any CPU.Build.0 = Release|Any CPU
		{8D983A25-A103-45DA-8599-149465DE03EE}.Debug|Any CPU.ActiveCfg = Debug|Any CPU
		{8D983A25-A103-45DA-8599-149465DE03EE}.Debug|Any CPU.Build.0 = Debug|Any CPU
		{8D983A25-A103-45DA-8599-149465DE03EE}.Release|Any CPU.ActiveCfg = Release|Any CPU
		{8D983A25-A103-45DA-8599-149465DE03EE}.Release|Any CPU.Build.0 = Release|Any CPU
		{1F73AB14-0161-4F13-9C5D-0D6C98DBA277}.Debug|Any CPU.ActiveCfg = Debug|Any CPU
		{1F73AB14-0161-4F13-9C5D-0D6C98DBA277}.Debug|Any CPU.Build.0 = Debug|Any CPU
		{1F73AB14-0161-4F13-9C5D-0D6C98DBA277}.Release|Any CPU.ActiveCfg = Release|Any CPU
		{1F73AB14-0161-4F13-9C5D-0D6C98DBA277}.Release|Any CPU.Build.0 = Release|Any CPU
		{8E7733D5-BEA3-40B6-9D00-813734CA0E34}.Debug|Any CPU.ActiveCfg = Debug|Any CPU
		{8E7733D5-BEA3-40B6-9D00-813734CA0E34}.Debug|Any CPU.Build.0 = Debug|Any CPU
		{8E7733D5-BEA3-40B6-9D00-813734CA0E34}.Release|Any CPU.ActiveCfg = Release|Any CPU
		{8E7733D5-BEA3-40B6-9D00-813734CA0E34}.Release|Any CPU.Build.0 = Release|Any CPU
		{5EDC7823-1556-4A1E-9CC5-BF4E2788E970}.Debug|Any CPU.ActiveCfg = Debug|Any CPU
		{5EDC7823-1556-4A1E-9CC5-BF4E2788E970}.Debug|Any CPU.Build.0 = Debug|Any CPU
		{5EDC7823-1556-4A1E-9CC5-BF4E2788E970}.Release|Any CPU.ActiveCfg = Release|Any CPU
		{5EDC7823-1556-4A1E-9CC5-BF4E2788E970}.Release|Any CPU.Build.0 = Release|Any CPU
		{8EEE3B33-682A-420F-B69E-0B9BC7DD6316}.Debug|Any CPU.ActiveCfg = Debug|Any CPU
		{8EEE3B33-682A-420F-B69E-0B9BC7DD6316}.Debug|Any CPU.Build.0 = Debug|Any CPU
		{8EEE3B33-682A-420F-B69E-0B9BC7DD6316}.Release|Any CPU.ActiveCfg = Release|Any CPU
		{8EEE3B33-682A-420F-B69E-0B9BC7DD6316}.Release|Any CPU.Build.0 = Release|Any CPU
		{0324BE2D-0860-4493-AC5E-28381ACD1E37}.Debug|Any CPU.ActiveCfg = Debug|Any CPU
		{0324BE2D-0860-4493-AC5E-28381ACD1E37}.Debug|Any CPU.Build.0 = Debug|Any CPU
		{0324BE2D-0860-4493-AC5E-28381ACD1E37}.Release|Any CPU.ActiveCfg = Release|Any CPU
		{0324BE2D-0860-4493-AC5E-28381ACD1E37}.Release|Any CPU.Build.0 = Release|Any CPU
		{08AA35C7-3DB3-470C-9380-AD06736B083D}.Debug|Any CPU.ActiveCfg = Debug|Any CPU
		{08AA35C7-3DB3-470C-9380-AD06736B083D}.Debug|Any CPU.Build.0 = Debug|Any CPU
		{08AA35C7-3DB3-470C-9380-AD06736B083D}.Release|Any CPU.ActiveCfg = Release|Any CPU
		{08AA35C7-3DB3-470C-9380-AD06736B083D}.Release|Any CPU.Build.0 = Release|Any CPU
		{9D58E7F3-78AD-415B-935E-BCC4DC16CFCD}.Debug|Any CPU.ActiveCfg = Debug|Any CPU
		{9D58E7F3-78AD-415B-935E-BCC4DC16CFCD}.Debug|Any CPU.Build.0 = Debug|Any CPU
		{9D58E7F3-78AD-415B-935E-BCC4DC16CFCD}.Release|Any CPU.ActiveCfg = Release|Any CPU
		{9D58E7F3-78AD-415B-935E-BCC4DC16CFCD}.Release|Any CPU.Build.0 = Release|Any CPU
		{9A0C9C1E-7135-4159-B587-135CD07FEC0F}.Debug|Any CPU.ActiveCfg = Debug|Any CPU
		{9A0C9C1E-7135-4159-B587-135CD07FEC0F}.Debug|Any CPU.Build.0 = Debug|Any CPU
		{9A0C9C1E-7135-4159-B587-135CD07FEC0F}.Release|Any CPU.ActiveCfg = Release|Any CPU
		{9A0C9C1E-7135-4159-B587-135CD07FEC0F}.Release|Any CPU.Build.0 = Release|Any CPU
		{F58F6698-03CB-404B-8B57-85101AE81D43}.Debug|Any CPU.ActiveCfg = Debug|Any CPU
		{F58F6698-03CB-404B-8B57-85101AE81D43}.Debug|Any CPU.Build.0 = Debug|Any CPU
		{F58F6698-03CB-404B-8B57-85101AE81D43}.Release|Any CPU.ActiveCfg = Release|Any CPU
		{F58F6698-03CB-404B-8B57-85101AE81D43}.Release|Any CPU.Build.0 = Release|Any CPU
	EndGlobalSection
	GlobalSection(SolutionProperties) = preSolution
		HideSolutionNode = FALSE
	EndGlobalSection
	GlobalSection(NestedProjects) = preSolution
		{BF55E533-6958-4F9E-A599-BE9495534421} = {1DEB39A6-498F-498E-9BA8-77CD6FCF070A}
		{361F42FD-FC7F-4362-BC19-67EFC64B6A90} = {1BA40D4F-C4A0-49B9-AE4D-9337C8BD8F34}
		{073608A1-D2CC-4B84-A82A-62392F90E575} = {1BA40D4F-C4A0-49B9-AE4D-9337C8BD8F34}
		{6C03F927-B3B5-49A7-9F83-D65CACE30835} = {1BA40D4F-C4A0-49B9-AE4D-9337C8BD8F34}
		{D82516E8-DE51-45D9-820A-CA853D4479CE} = {1BA40D4F-C4A0-49B9-AE4D-9337C8BD8F34}
		{CBC58F30-6D67-4A91-B7E0-EDCFE0118CDF} = {1BA40D4F-C4A0-49B9-AE4D-9337C8BD8F34}
		{69AEA626-8A20-4E6A-BF51-1D9DA3A121E2} = {1BA40D4F-C4A0-49B9-AE4D-9337C8BD8F34}
		{E7FD1485-8C76-4C80-A996-8356EF134D76} = {09F29B8E-E737-4277-BAFA-9ADEA1BFC1A8}
		{680C84F5-C12F-40C1-BBCC-78A76303D7FF} = {09F29B8E-E737-4277-BAFA-9ADEA1BFC1A8}
		{EB12990B-EC53-4862-BF60-C7B7732895D3} = {09F29B8E-E737-4277-BAFA-9ADEA1BFC1A8}
		{C4BE7CFD-9A05-45FA-852A-C55FF45B8436} = {09F29B8E-E737-4277-BAFA-9ADEA1BFC1A8}
		{C369667B-F277-4EA5-A00E-5B6C5F55D748} = {09F29B8E-E737-4277-BAFA-9ADEA1BFC1A8}
		{83188D98-72C2-476B-AE87-B56E8F414F60} = {09F29B8E-E737-4277-BAFA-9ADEA1BFC1A8}
		{0CB1B14C-D16B-47A5-ABCF-34E94DDB3D76} = {0AC58DF3-39D5-4A8C-8DAF-35A324D38417}
		{9682AEA0-6BE6-4C18-ADB1-05820F61918F} = {0AC58DF3-39D5-4A8C-8DAF-35A324D38417}
		{52422479-09E4-4F65-AD81-56853C13DCBD} = {0AC58DF3-39D5-4A8C-8DAF-35A324D38417}
		{8D983A25-A103-45DA-8599-149465DE03EE} = {0AC58DF3-39D5-4A8C-8DAF-35A324D38417}
		{1F73AB14-0161-4F13-9C5D-0D6C98DBA277} = {0AC58DF3-39D5-4A8C-8DAF-35A324D38417}
		{8E7733D5-BEA3-40B6-9D00-813734CA0E34} = {0AC58DF3-39D5-4A8C-8DAF-35A324D38417}
		{5EDC7823-1556-4A1E-9CC5-BF4E2788E970} = {0AC58DF3-39D5-4A8C-8DAF-35A324D38417}
		{8EEE3B33-682A-420F-B69E-0B9BC7DD6316} = {0AC58DF3-39D5-4A8C-8DAF-35A324D38417}
		{0324BE2D-0860-4493-AC5E-28381ACD1E37} = {F9EBA015-C455-47FD-906E-0C42C300712B}
		{08AA35C7-3DB3-470C-9380-AD06736B083D} = {F9EBA015-C455-47FD-906E-0C42C300712B}
		{9D58E7F3-78AD-415B-935E-BCC4DC16CFCD} = {F9EBA015-C455-47FD-906E-0C42C300712B}
		{9A0C9C1E-7135-4159-B587-135CD07FEC0F} = {F9EBA015-C455-47FD-906E-0C42C300712B}
		{F58F6698-03CB-404B-8B57-85101AE81D43} = {F9EBA015-C455-47FD-906E-0C42C300712B}
	EndGlobalSection
	GlobalSection(ExtensibilityGlobals) = postSolution
		SolutionGuid = {3973CEBD-3CB7-42AE-93A8-F98A5BEA6E47}
	EndGlobalSection
EndGlobal
