
Microsoft Visual Studio Solution File, Format Version 12.00
# Visual Studio 15
VisualStudioVersion = 15.0.27428.2037
MinimumVisualStudioVersion = 10.0.40219.1
Project("{2150E333-8FDC-42A3-9474-1A3956D46DE8}") = "01kintamieji", "01kintamieji", "{1DEB39A6-498F-498E-9BA8-77CD6FCF070A}"
EndProject
Project("{2150E333-8FDC-42A3-9474-1A3956D46DE8}") = "02isvedimas", "02isvedimas", "{1BA40D4F-C4A0-49B9-AE4D-9337C8BD8F34}"
EndProject
Project("{2150E333-8FDC-42A3-9474-1A3956D46DE8}") = "03aritmetiniai veiksmai", "03aritmetiniai veiksmai", "{09F29B8E-E737-4277-BAFA-9ADEA1BFC1A8}"
EndProject
Project("{2150E333-8FDC-42A3-9474-1A3956D46DE8}") = "04ivedimas", "04ivedimas", "{0AC58DF3-39D5-4A8C-8DAF-35A324D38417}"
EndProject
Project("{FAE04EC0-301F-11D3-BF4B-00C04F79EFBC}") = "1-1uzduotis", "1-1uzduotis\1-1uzduotis.csproj", "{BF55E533-6958-4F9E-A599-BE9495534421}"
EndProject
Project("{FAE04EC0-301F-11D3-BF4B-00C04F79EFBC}") = "2_1uzduotis", "2_1uzduotis\2_1uzduotis.csproj", "{361F42FD-FC7F-4362-BC19-67EFC64B6A90}"
EndProject
Project("{FAE04EC0-301F-11D3-BF4B-00C04F79EFBC}") = "2_2uzd", "2_2uzd\2_2uzd.csproj", "{073608A1-D2CC-4B84-A82A-62392F90E575}"
EndProject
Project("{FAE04EC0-301F-11D3-BF4B-00C04F79EFBC}") = "2_3uzd", "ConsoleApp3\2_3uzd.csproj", "{6C03F927-B3B5-49A7-9F83-D65CACE30835}"
EndProject
Project("{FAE04EC0-301F-11D3-BF4B-00C04F79EFBC}") = "2_4uzd", "2_4uzd\2_4uzd.csproj", "{D82516E8-DE51-45D9-820A-CA853D4479CE}"
EndProject
Project("{FAE04EC0-301F-11D3-BF4B-00C04F79EFBC}") = "2_5uzd", "2_5uzd\2_5uzd.csproj", "{CBC58F30-6D67-4A91-B7E0-EDCFE0118CDF}"
EndProject
Project("{FAE04EC0-301F-11D3-BF4B-00C04F79EFBC}") = "2_6uzd", "2_6uzd\2_6uzd.csproj", "{69AEA626-8A20-4E6A-BF51-1D9DA3A121E2}"
EndProject
Project("{FAE04EC0-301F-11D3-BF4B-00C04F79EFBC}") = "3_1uzd", "3_1uzd\3_1uzd.csproj", "{E7FD1485-8C76-4C80-A996-8356EF134D76}"
EndProject
Project("{FAE04EC0-301F-11D3-BF4B-00C04F79EFBC}") = "3_2uzd", "3_2uzd\3_2uzd.csproj", "{680C84F5-C12F-40C1-BBCC-78A76303D7FF}"
EndProject
Project("{FAE04EC0-301F-11D3-BF4B-00C04F79EFBC}") = "3_3uzd", "3_3uzd\3_3uzd.csproj", "{EB12990B-EC53-4862-BF60-C7B7732895D3}"
EndProject
Project("{FAE04EC0-301F-11D3-BF4B-00C04F79EFBC}") = "3_4uzd", "3_4uzd\3_4uzd.csproj", "{C4BE7CFD-9A05-45FA-852A-C55FF45B8436}"
EndProject
Project("{FAE04EC0-301F-11D3-BF4B-00C04F79EFBC}") = "3_5uzd", "3_5uzd\3_5uzd.csproj", "{C369667B-F277-4EA5-A00E-5B6C5F55D748}"
EndProject
Project("{FAE04EC0-301F-11D3-BF4B-00C04F79EFBC}") = "3_6uzd", "3_6uzd\3_6uzd.csproj", "{83188D98-72C2-476B-AE87-B56E8F414F60}"
EndProject
Project("{FAE04EC0-301F-11D3-BF4B-00C04F79EFBC}") = "test", "test\test.csproj", "{0CB1B14C-D16B-47A5-ABCF-34E94DDB3D76}"
EndProject
Project("{FAE04EC0-301F-11D3-BF4B-00C04F79EFBC}") = "4_1uzd", "4_1uzd\4_1uzd.csproj", "{9682AEA0-6BE6-4C18-ADB1-05820F61918F}"
EndProject
Project("{FAE04EC0-301F-11D3-BF4B-00C04F79EFBC}") = "4_2uzd", "4_2uzd\4_2uzd.csproj", "{52422479-09E4-4F65-AD81-56853C13DCBD}"
EndProject
Project("{FAE04EC0-301F-11D3-BF4B-00C04F79EFBC}") = "4_3uzd", "4_3uzd\4_3uzd.csproj", "{8D983A25-A103-45DA-8599-149465DE03EE}"
EndProject
Project("{FAE04EC0-301F-11D3-BF4B-00C04F79EFBC}") = "4_4uzd", "4_4uzd\4_4uzd.csproj", "{1F73AB14-0161-4F13-9C5D-0D6C98DBA277}"
EndProject
Project("{FAE04EC0-301F-11D3-BF4B-00C04F79EFBC}") = "4_5uzd", "4_5uzd\4_5uzd.csproj", "{8E7733D5-BEA3-40B6-9D00-813734CA0E34}"
EndProject
Project("{FAE04EC0-301F-11D3-BF4B-00C04F79EFBC}") = "4_6uzd", "4_6uzd\4_6uzd.csproj", "{5EDC7823-1556-4A1E-9CC5-BF4E2788E970}"
EndProject
Project("{FAE04EC0-301F-11D3-BF4B-00C04F79EFBC}") = "4_7uzd", "4_7uzd\4_7uzd.csproj", "{8EEE3B33-682A-420F-B69E-0B9BC7DD6316}"
EndProject
Project("{2150E333-8FDC-42A3-9474-1A3956D46DE8}") = "05ifsalyga", "05ifsalyga", "{F9EBA015-C455-47FD-906E-0C42C300712B}"
EndProject
Project("{FAE04EC0-301F-11D3-BF4B-00C04F79EFBC}") = "iftest", "iftest\iftest.csproj", "{0324BE2D-0860-4493-AC5E-28381ACD1E37}"
EndProject
Project("{FAE04EC0-301F-11D3-BF4B-00C04F79EFBC}") = "5_1uzd", "5_1uzd\5_1uzd.csproj", "{08AA35C7-3DB3-470C-9380-AD06736B083D}"
EndProject
Project("{FAE04EC0-301F-11D3-BF4B-00C04F79EFBC}") = "5_2uzd", "5_2uzd\5_2uzd.csproj", "{9D58E7F3-78AD-415B-935E-BCC4DC16CFCD}"
EndProject
Project("{FAE04EC0-301F-11D3-BF4B-00C04F79EFBC}") = "5_3uzd", "5_3uzd\5_3uzd.csproj", "{9A0C9C1E-7135-4159-B587-135CD07FEC0F}"
EndProject
Project("{FAE04EC0-301F-11D3-BF4B-00C04F79EFBC}") = "5_4uzd", "5_4uzd\5_4uzd.csproj", "{F58F6698-03CB-404B-8B57-85101AE81D43}"
EndProject
Project("{2150E333-8FDC-42A3-9474-1A3956D46DE8}") = "06elseifsalygos", "06elseifsalygos", "{330E0895-BECA-4FDC-B39D-C17DF6498C19}"
EndProject
Project("{FAE04EC0-301F-11D3-BF4B-00C04F79EFBC}") = "6_1uzd", "6_1uzd\6_1uzd.csproj", "{43A42E61-9385-4454-A87B-92844F6DBC7B}"
EndProject
Project("{FAE04EC0-301F-11D3-BF4B-00C04F79EFBC}") = "6_2uzd", "6_2uzd\6_2uzd.csproj", "{26853171-832D-4B51-AE5A-0D97B7CD00D6}"
EndProject
Project("{2150E333-8FDC-42A3-9474-1A3956D46DE8}") = "hw", "hw", "{F366495A-D8A2-4992-895E-F8F734634EBB}"
EndProject
Project("{FAE04EC0-301F-11D3-BF4B-00C04F79EFBC}") = "0_1uz", "0_1uz\0_1uz.csproj", "{38945CAB-AF42-4BEB-BDF3-44932EAEE981}"
EndProject
Project("{2150E333-8FDC-42A3-9474-1A3956D46DE8}") = "07orand", "07orand", "{63A6ACF4-4CC2-438C-82C0-6A9BEDD111E3}"
EndProject
Project("{FAE04EC0-301F-11D3-BF4B-00C04F79EFBC}") = "7_1uzd", "7_1uzd\7_1uzd.csproj", "{2FDBE63D-5137-45D7-A46F-64A4D2748FBF}"
EndProject
Project("{FAE04EC0-301F-11D3-BF4B-00C04F79EFBC}") = "7_2uzd", "7_2uzd\7_2uzd.csproj", "{CC11972A-4F3F-4700-A4B7-52E67F5F21BF}"
EndProject
Project("{FAE04EC0-301F-11D3-BF4B-00C04F79EFBC}") = "7_3uzd", "7_3uzd\7_3uzd.csproj", "{4556EA9A-9D97-4D34-9BE4-5506BBDD5E4E}"
EndProject
Project("{FAE04EC0-301F-11D3-BF4B-00C04F79EFBC}") = "7_4uzd", "7_4uzd\7_4uzd.csproj", "{CB2052D4-80C5-4243-B662-4FA57E58AF74}"
EndProject
Project("{FAE04EC0-301F-11D3-BF4B-00C04F79EFBC}") = "0_2uzd", "0_2uzd\0_2uzd.csproj", "{725E30D7-D6E3-460D-ACFE-B1CA287DF99D}"
EndProject
Project("{2150E333-8FDC-42A3-9474-1A3956D46DE8}") = "08switch", "08switch", "{D1AF4D28-48F3-44EC-A676-EFA54D115C0A}"
EndProject
Project("{FAE04EC0-301F-11D3-BF4B-00C04F79EFBC}") = "8_1uzduot", "8_1uzduot\8_1uzduot.csproj", "{80D8B6A5-98CA-4BDA-870D-AB038625F5DC}"
EndProject
Project("{FAE04EC0-301F-11D3-BF4B-00C04F79EFBC}") = "8_2uzd", "8_2uzd\8_2uzd.csproj", "{A84F825E-BCE2-4236-B6A0-52930C19D66F}"
EndProject
Project("{2150E333-8FDC-42A3-9474-1A3956D46DE8}") = "tiesiog", "tiesiog", "{04F07F6F-C115-4BDA-A98C-C086A39118BC}"
EndProject
Project("{FAE04EC0-301F-11D3-BF4B-00C04F79EFBC}") = "t1", "t1\t1.csproj", "{BB72C498-4AA4-4E90-A1E9-D5663FCEDAE5}"
EndProject
Project("{FAE04EC0-301F-11D3-BF4B-00C04F79EFBC}") = "t2", "t2\t2.csproj", "{B88876FE-D675-40CD-9B48-968BB399D0ED}"
EndProject
Project("{2150E333-8FDC-42A3-9474-1A3956D46DE8}") = "09for", "09for", "{011B80E9-6EB3-44F1-BDDD-2284F7B8021B}"
EndProject
Project("{FAE04EC0-301F-11D3-BF4B-00C04F79EFBC}") = "9_2uzd", "9_2uzd\9_2uzd.csproj", "{80FC62BE-CDA7-4AEB-8AF0-6B9E60269629}"
EndProject
Project("{FAE04EC0-301F-11D3-BF4B-00C04F79EFBC}") = "9_3uzd", "9_3uzd\9_3uzd.csproj", "{06F0D9C6-0D56-4BD0-B3B8-F5341B03094C}"
EndProject
Project("{FAE04EC0-301F-11D3-BF4B-00C04F79EFBC}") = "9_4uzd", "9_4uzd\9_4uzd.csproj", "{630298B7-3AD8-4BD9-AD63-A58235D557CA}"
EndProject
Project("{FAE04EC0-301F-11D3-BF4B-00C04F79EFBC}") = "9_5uzd", "9_5uzd\9_5uzd.csproj", "{CE944018-35D5-4414-A9B9-60907DE8297E}"
EndProject
Project("{FAE04EC0-301F-11D3-BF4B-00C04F79EFBC}") = "9_6uzd", "9_6uzd\9_6uzd.csproj", "{E835C9E1-AD59-4FD1-9E85-7DB5EE366255}"
EndProject
Project("{FAE04EC0-301F-11D3-BF4B-00C04F79EFBC}") = "9_7uzd", "9_7uzd\9_7uzd.csproj", "{6128FD55-F0D7-43B8-8936-831CE0446D0A}"
EndProject
Project("{FAE04EC0-301F-11D3-BF4B-00C04F79EFBC}") = "0_3uzd", "0_3uzd\0_3uzd.csproj", "{A1A365CC-EC0B-4A19-9BF1-88FCFBA278C3}"
EndProject
Project("{FAE04EC0-301F-11D3-BF4B-00C04F79EFBC}") = "0_4uzd", "0_4uzd\0_4uzd.csproj", "{5D59809D-C1D4-4A1F-A117-57DEFA4D8CB5}"
EndProject
Project("{FAE04EC0-301F-11D3-BF4B-00C04F79EFBC}") = "9_8uzd", "9_8uzd\9_8uzd.csproj", "{3ECCAFA2-2609-4475-B03F-B27420A133FB}"
EndProject
Project("{FAE04EC0-301F-11D3-BF4B-00C04F79EFBC}") = "9_9uzd", "9_9uzd\9_9uzd.csproj", "{C5A7F4C7-E313-48AD-B1EB-33E54674D116}"
EndProject
Project("{FAE04EC0-301F-11D3-BF4B-00C04F79EFBC}") = "9_10uzd", "9_10uzd\9_10uzd.csproj", "{BEEC2364-6E18-410E-A17F-470D84C79855}"
EndProject
Project("{FAE04EC0-301F-11D3-BF4B-00C04F79EFBC}") = "9_11uzd", "9_11uzd\9_11uzd.csproj", "{D220411E-0B8C-4008-88FB-6AA97E74236B}"
EndProject
Project("{FAE04EC0-301F-11D3-BF4B-00C04F79EFBC}") = "9_12 uzd", "9_12 uzd\9_12 uzd.csproj", "{2EAE5BB7-5A96-4192-91F5-B20B5BB61F5F}"
EndProject
Project("{FAE04EC0-301F-11D3-BF4B-00C04F79EFBC}") = "0_6uzd", "0_6uzd\0_6uzd.csproj", "{D5157985-A19B-45E8-863E-93A9BBAB7C11}"
EndProject
Project("{FAE04EC0-301F-11D3-BF4B-00C04F79EFBC}") = "9_13uzd", "9_13uzd\9_13uzd.csproj", "{1639479B-3CD0-4771-95CF-FFF03E9906A3}"
EndProject
Project("{2150E333-8FDC-42A3-9474-1A3956D46DE8}") = "10whike", "10whike", "{DC40377F-9E63-48D2-868C-1B77B1FF10DF}"
EndProject
Project("{FAE04EC0-301F-11D3-BF4B-00C04F79EFBC}") = "10_1uzd", "10_1uzd\10_1uzd.csproj", "{28E7DB5A-1F78-4AF0-9D6A-F50A1A7E71B7}"
EndProject
Project("{FAE04EC0-301F-11D3-BF4B-00C04F79EFBC}") = "10_2uzd", "10_2uzd\10_2uzd.csproj", "{D62385E8-8E73-4CDE-8C47-146B36C5583E}"
EndProject
Project("{FAE04EC0-301F-11D3-BF4B-00C04F79EFBC}") = "3_10uzd", "3_10uzd\3_10uzd.csproj", "{18CC122B-ABDB-4037-B1E0-EE372ED633DB}"
EndProject
Project("{FAE04EC0-301F-11D3-BF4B-00C04F79EFBC}") = "4_10uzd", "4_10uzd\4_10uzd.csproj", "{BF8EA37D-D850-4549-820A-72A7A10B3C73}"
EndProject
Project("{FAE04EC0-301F-11D3-BF4B-00C04F79EFBC}") = "5_10uzd", "5_10uzd\5_10uzd.csproj", "{6D92842E-8BFE-4F40-869C-B4AE2BDFC453}"
EndProject
Project("{FAE04EC0-301F-11D3-BF4B-00C04F79EFBC}") = "6_10uzd", "6_10uzd\6_10uzd.csproj", "{94031E3B-3AF6-477D-8E91-D3EFA1EEFB5B}"
EndProject
Project("{2150E333-8FDC-42A3-9474-1A3956D46DE8}") = "11dowhile", "11dowhile", "{A8435B98-3824-4910-91B8-7390F425BB16}"
EndProject
Project("{FAE04EC0-301F-11D3-BF4B-00C04F79EFBC}") = "11_1uzd", "11_1uzd\11_1uzd.csproj", "{D5E1C161-326E-40A0-906B-C139F7546057}"
EndProject
Project("{2150E333-8FDC-42A3-9474-1A3956D46DE8}") = "uzduotisekstra", "uzduotisekstra", "{AB6310CE-FDAE-4A6F-AC09-E472D033D082}"
EndProject
Project("{FAE04EC0-301F-11D3-BF4B-00C04F79EFBC}") = "ue1", "ue1\ue1.csproj", "{B111807F-8869-4E88-93BA-409B9BFC82BF}"
EndProject
Project("{FAE04EC0-301F-11D3-BF4B-00C04F79EFBC}") = "ue2", "ue2\ue2.csproj", "{C00149F7-90FE-406B-84BD-307E66F96C3D}"
EndProject
Project("{FAE04EC0-301F-11D3-BF4B-00C04F79EFBC}") = "ue3", "ue3\ue3.csproj", "{E92FF202-D9B2-4B40-BBD0-08E7B03C53BD}"
EndProject
Project("{2150E333-8FDC-42A3-9474-1A3956D46DE8}") = "12masyvai", "12masyvai", "{67C78AEA-EA42-447E-BFFE-79B9A5BA25D0}"
EndProject
Project("{FAE04EC0-301F-11D3-BF4B-00C04F79EFBC}") = "12_1uzd", "12_1uzd\12_1uzd.csproj", "{FEAB1129-A21A-400E-A3C7-72C6AE8C983E}"
EndProject
Project("{FAE04EC0-301F-11D3-BF4B-00C04F79EFBC}") = "12_2uzd", "12_2uzd\12_2uzd.csproj", "{1A046539-FCEE-4292-A697-88EE4774BEA5}"
EndProject
Project("{FAE04EC0-301F-11D3-BF4B-00C04F79EFBC}") = "12_1uzduot", "12_1uzduot\12_1uzduot.csproj", "{48790B61-29F2-4B0C-82CF-1C5D5C30DEE4}"
EndProject
Project("{FAE04EC0-301F-11D3-BF4B-00C04F79EFBC}") = "12_2uzduot", "12_2uzduot\12_2uzduot.csproj", "{A14F6CE6-8122-4B45-9361-ED81E71D6CE0}"
EndProject
Project("{FAE04EC0-301F-11D3-BF4B-00C04F79EFBC}") = "12_3uzduot", "12_3uzduot\12_3uzduot.csproj", "{06B3480A-E502-4334-8530-D69E5CC9922E}"
EndProject
Project("{FAE04EC0-301F-11D3-BF4B-00C04F79EFBC}") = "12_4uzduot", "12_4uzduot\12_4uzduot.csproj", "{6B7AD490-8FA1-4836-808E-E82874F9D302}"
EndProject
Project("{FAE04EC0-301F-11D3-BF4B-00C04F79EFBC}") = "12_5", "12_5\12_5.csproj", "{266D4683-4C83-412A-96B2-407BCF22BEFD}"
EndProject
Project("{2150E333-8FDC-42A3-9474-1A3956D46DE8}") = "13list", "13list", "{BA533D2C-43F4-4D5E-A3D7-B8319BDA968A}"
EndProject
Project("{FAE04EC0-301F-11D3-BF4B-00C04F79EFBC}") = "13_1uzd", "13_1uzd\13_1uzd.csproj", "{DFA9C04B-B9A8-47FD-A5E2-BEA7C086D86A}"
EndProject
Project("{FAE04EC0-301F-11D3-BF4B-00C04F79EFBC}") = "13_2uzd", "13_2uzd\13_2uzd.csproj", "{B665363C-65A9-4F4D-955A-873A28ACA879}"
EndProject
Project("{FAE04EC0-301F-11D3-BF4B-00C04F79EFBC}") = "13_3uzd", "13_3uzd\13_3uzd.csproj", "{EAF679D1-9937-4F77-936D-DA8ACF01E659}"
EndProject
Project("{2150E333-8FDC-42A3-9474-1A3956D46DE8}") = "14metod", "14metod", "{DA8862F2-7DF5-4C7B-904E-C5853C693AC2}"
EndProject
Project("{FAE04EC0-301F-11D3-BF4B-00C04F79EFBC}") = "14_1uzd", "14_1uzd\14_1uzd.csproj", "{39070F9C-F544-4F8B-AEA7-FB36142997CF}"
EndProject
Project("{FAE04EC0-301F-11D3-BF4B-00C04F79EFBC}") = "14praktik", "14praktik\14praktik.csproj", "{57CB9B5D-393C-463A-BE14-2D57BEEBF81B}"
EndProject
Project("{FAE04EC0-301F-11D3-BF4B-00C04F79EFBC}") = "14_3uzd", "14_3uzd\14_3uzd.csproj", "{9B7E4B02-0E68-4CB5-8DED-7DD7EE7898BB}"
EndProject
Project("{FAE04EC0-301F-11D3-BF4B-00C04F79EFBC}") = "14_uzd", "14_uzd\14_uzd.csproj", "{E6C2F3BD-C01E-4BE1-A6B4-7615D6A9FEDA}"
EndProject
Project("{FAE04EC0-301F-11D3-BF4B-00C04F79EFBC}") = "14_4uzd", "14_4uzd\14_4uzd.csproj", "{FBBB693F-7CF7-41F5-8D9A-89104D429A55}"
EndProject
Project("{2150E333-8FDC-42A3-9474-1A3956D46DE8}") = "15class", "15class", "{1770A3ED-247B-4CCE-A96F-ECAD587CD172}"
EndProject
Project("{FAE04EC0-301F-11D3-BF4B-00C04F79EFBC}") = "15Class", "15Class\15Class.csproj", "{165B913C-EA63-43B7-9B8F-E6A416AC9EFA}"
EndProject
Project("{FAE04EC0-301F-11D3-BF4B-00C04F79EFBC}") = "15Class_2", "15Class_2\15Class_2.csproj", "{DDE87842-F792-4D32-954E-E65D28D1F2F4}"
EndProject
Project("{FAE04EC0-301F-11D3-BF4B-00C04F79EFBC}") = "15Class_3", "15Class_3\15Class_3.csproj", "{6B507D56-AFEB-4F2F-A891-0487875280A8}"
EndProject
Project("{FAE04EC0-301F-11D3-BF4B-00C04F79EFBC}") = "4Class", "4Class\4Class.csproj", "{4200ABC7-C214-4F01-95D7-1E79FEAD73DC}"
EndProject
Project("{2150E333-8FDC-42A3-9474-1A3956D46DE8}") = "16GUI", "16GUI", "{41AAEB3A-493D-4FCB-A3DD-062C2B53F974}"
EndProject
Project("{FAE04EC0-301F-11D3-BF4B-00C04F79EFBC}") = "16GUI1", "16GUI1\16GUI1.csproj", "{2AE83AAC-ADCF-455F-8164-296AC03C123A}"
EndProject
Project("{FAE04EC0-301F-11D3-BF4B-00C04F79EFBC}") = "16GUI_failas", "16GUI_failas\16GUI_failas.csproj", "{4D50EEBE-97E7-40CC-AED3-B8FF828ED698}"
EndProject
Project("{FAE04EC0-301F-11D3-BF4B-00C04F79EFBC}") = "Scrap", "Scrap\Scrap.csproj", "{A71280F4-A376-44F2-8C25-0C8E0065F961}"
EndProject
Project("{FAE04EC0-301F-11D3-BF4B-00C04F79EFBC}") = "Teleloto", "Teleloto\Teleloto.csproj", "{648BD470-8C19-4E5E-8EB5-DA835B2A0B3B}"
EndProject
Project("{FAE04EC0-301F-11D3-BF4B-00C04F79EFBC}") = "skaiciuotuvas", "skaiciuotuvas\skaiciuotuvas.csproj", "{C84EDF66-4CB0-4CCF-AD5C-67C6D2330FC8}"
EndProject
Global
	GlobalSection(SolutionConfigurationPlatforms) = preSolution
		Debug|Any CPU = Debug|Any CPU
		Release|Any CPU = Release|Any CPU
	EndGlobalSection
	GlobalSection(ProjectConfigurationPlatforms) = postSolution
		{BF55E533-6958-4F9E-A599-BE9495534421}.Debug|Any CPU.ActiveCfg = Debug|Any CPU
		{BF55E533-6958-4F9E-A599-BE9495534421}.Debug|Any CPU.Build.0 = Debug|Any CPU
		{BF55E533-6958-4F9E-A599-BE9495534421}.Release|Any CPU.ActiveCfg = Release|Any CPU
		{BF55E533-6958-4F9E-A599-BE9495534421}.Release|Any CPU.Build.0 = Release|Any CPU
		{361F42FD-FC7F-4362-BC19-67EFC64B6A90}.Debug|Any CPU.ActiveCfg = Debug|Any CPU
		{361F42FD-FC7F-4362-BC19-67EFC64B6A90}.Debug|Any CPU.Build.0 = Debug|Any CPU
		{361F42FD-FC7F-4362-BC19-67EFC64B6A90}.Release|Any CPU.ActiveCfg = Release|Any CPU
		{361F42FD-FC7F-4362-BC19-67EFC64B6A90}.Release|Any CPU.Build.0 = Release|Any CPU
		{073608A1-D2CC-4B84-A82A-62392F90E575}.Debug|Any CPU.ActiveCfg = Debug|Any CPU
		{073608A1-D2CC-4B84-A82A-62392F90E575}.Debug|Any CPU.Build.0 = Debug|Any CPU
		{073608A1-D2CC-4B84-A82A-62392F90E575}.Release|Any CPU.ActiveCfg = Release|Any CPU
		{073608A1-D2CC-4B84-A82A-62392F90E575}.Release|Any CPU.Build.0 = Release|Any CPU
		{6C03F927-B3B5-49A7-9F83-D65CACE30835}.Debug|Any CPU.ActiveCfg = Debug|Any CPU
		{6C03F927-B3B5-49A7-9F83-D65CACE30835}.Debug|Any CPU.Build.0 = Debug|Any CPU
		{6C03F927-B3B5-49A7-9F83-D65CACE30835}.Release|Any CPU.ActiveCfg = Release|Any CPU
		{6C03F927-B3B5-49A7-9F83-D65CACE30835}.Release|Any CPU.Build.0 = Release|Any CPU
		{D82516E8-DE51-45D9-820A-CA853D4479CE}.Debug|Any CPU.ActiveCfg = Debug|Any CPU
		{D82516E8-DE51-45D9-820A-CA853D4479CE}.Debug|Any CPU.Build.0 = Debug|Any CPU
		{D82516E8-DE51-45D9-820A-CA853D4479CE}.Release|Any CPU.ActiveCfg = Release|Any CPU
		{D82516E8-DE51-45D9-820A-CA853D4479CE}.Release|Any CPU.Build.0 = Release|Any CPU
		{CBC58F30-6D67-4A91-B7E0-EDCFE0118CDF}.Debug|Any CPU.ActiveCfg = Debug|Any CPU
		{CBC58F30-6D67-4A91-B7E0-EDCFE0118CDF}.Debug|Any CPU.Build.0 = Debug|Any CPU
		{CBC58F30-6D67-4A91-B7E0-EDCFE0118CDF}.Release|Any CPU.ActiveCfg = Release|Any CPU
		{CBC58F30-6D67-4A91-B7E0-EDCFE0118CDF}.Release|Any CPU.Build.0 = Release|Any CPU
		{69AEA626-8A20-4E6A-BF51-1D9DA3A121E2}.Debug|Any CPU.ActiveCfg = Debug|Any CPU
		{69AEA626-8A20-4E6A-BF51-1D9DA3A121E2}.Debug|Any CPU.Build.0 = Debug|Any CPU
		{69AEA626-8A20-4E6A-BF51-1D9DA3A121E2}.Release|Any CPU.ActiveCfg = Release|Any CPU
		{69AEA626-8A20-4E6A-BF51-1D9DA3A121E2}.Release|Any CPU.Build.0 = Release|Any CPU
		{E7FD1485-8C76-4C80-A996-8356EF134D76}.Debug|Any CPU.ActiveCfg = Debug|Any CPU
		{E7FD1485-8C76-4C80-A996-8356EF134D76}.Debug|Any CPU.Build.0 = Debug|Any CPU
		{E7FD1485-8C76-4C80-A996-8356EF134D76}.Release|Any CPU.ActiveCfg = Release|Any CPU
		{E7FD1485-8C76-4C80-A996-8356EF134D76}.Release|Any CPU.Build.0 = Release|Any CPU
		{680C84F5-C12F-40C1-BBCC-78A76303D7FF}.Debug|Any CPU.ActiveCfg = Debug|Any CPU
		{680C84F5-C12F-40C1-BBCC-78A76303D7FF}.Debug|Any CPU.Build.0 = Debug|Any CPU
		{680C84F5-C12F-40C1-BBCC-78A76303D7FF}.Release|Any CPU.ActiveCfg = Release|Any CPU
		{680C84F5-C12F-40C1-BBCC-78A76303D7FF}.Release|Any CPU.Build.0 = Release|Any CPU
		{EB12990B-EC53-4862-BF60-C7B7732895D3}.Debug|Any CPU.ActiveCfg = Debug|Any CPU
		{EB12990B-EC53-4862-BF60-C7B7732895D3}.Debug|Any CPU.Build.0 = Debug|Any CPU
		{EB12990B-EC53-4862-BF60-C7B7732895D3}.Release|Any CPU.ActiveCfg = Release|Any CPU
		{EB12990B-EC53-4862-BF60-C7B7732895D3}.Release|Any CPU.Build.0 = Release|Any CPU
		{C4BE7CFD-9A05-45FA-852A-C55FF45B8436}.Debug|Any CPU.ActiveCfg = Debug|Any CPU
		{C4BE7CFD-9A05-45FA-852A-C55FF45B8436}.Debug|Any CPU.Build.0 = Debug|Any CPU
		{C4BE7CFD-9A05-45FA-852A-C55FF45B8436}.Release|Any CPU.ActiveCfg = Release|Any CPU
		{C4BE7CFD-9A05-45FA-852A-C55FF45B8436}.Release|Any CPU.Build.0 = Release|Any CPU
		{C369667B-F277-4EA5-A00E-5B6C5F55D748}.Debug|Any CPU.ActiveCfg = Debug|Any CPU
		{C369667B-F277-4EA5-A00E-5B6C5F55D748}.Debug|Any CPU.Build.0 = Debug|Any CPU
		{C369667B-F277-4EA5-A00E-5B6C5F55D748}.Release|Any CPU.ActiveCfg = Release|Any CPU
		{C369667B-F277-4EA5-A00E-5B6C5F55D748}.Release|Any CPU.Build.0 = Release|Any CPU
		{83188D98-72C2-476B-AE87-B56E8F414F60}.Debug|Any CPU.ActiveCfg = Debug|Any CPU
		{83188D98-72C2-476B-AE87-B56E8F414F60}.Debug|Any CPU.Build.0 = Debug|Any CPU
		{83188D98-72C2-476B-AE87-B56E8F414F60}.Release|Any CPU.ActiveCfg = Release|Any CPU
		{83188D98-72C2-476B-AE87-B56E8F414F60}.Release|Any CPU.Build.0 = Release|Any CPU
		{0CB1B14C-D16B-47A5-ABCF-34E94DDB3D76}.Debug|Any CPU.ActiveCfg = Debug|Any CPU
		{0CB1B14C-D16B-47A5-ABCF-34E94DDB3D76}.Debug|Any CPU.Build.0 = Debug|Any CPU
		{0CB1B14C-D16B-47A5-ABCF-34E94DDB3D76}.Release|Any CPU.ActiveCfg = Release|Any CPU
		{0CB1B14C-D16B-47A5-ABCF-34E94DDB3D76}.Release|Any CPU.Build.0 = Release|Any CPU
		{9682AEA0-6BE6-4C18-ADB1-05820F61918F}.Debug|Any CPU.ActiveCfg = Debug|Any CPU
		{9682AEA0-6BE6-4C18-ADB1-05820F61918F}.Debug|Any CPU.Build.0 = Debug|Any CPU
		{9682AEA0-6BE6-4C18-ADB1-05820F61918F}.Release|Any CPU.ActiveCfg = Release|Any CPU
		{9682AEA0-6BE6-4C18-ADB1-05820F61918F}.Release|Any CPU.Build.0 = Release|Any CPU
		{52422479-09E4-4F65-AD81-56853C13DCBD}.Debug|Any CPU.ActiveCfg = Debug|Any CPU
		{52422479-09E4-4F65-AD81-56853C13DCBD}.Debug|Any CPU.Build.0 = Debug|Any CPU
		{52422479-09E4-4F65-AD81-56853C13DCBD}.Release|Any CPU.ActiveCfg = Release|Any CPU
		{52422479-09E4-4F65-AD81-56853C13DCBD}.Release|Any CPU.Build.0 = Release|Any CPU
		{8D983A25-A103-45DA-8599-149465DE03EE}.Debug|Any CPU.ActiveCfg = Debug|Any CPU
		{8D983A25-A103-45DA-8599-149465DE03EE}.Debug|Any CPU.Build.0 = Debug|Any CPU
		{8D983A25-A103-45DA-8599-149465DE03EE}.Release|Any CPU.ActiveCfg = Release|Any CPU
		{8D983A25-A103-45DA-8599-149465DE03EE}.Release|Any CPU.Build.0 = Release|Any CPU
		{1F73AB14-0161-4F13-9C5D-0D6C98DBA277}.Debug|Any CPU.ActiveCfg = Debug|Any CPU
		{1F73AB14-0161-4F13-9C5D-0D6C98DBA277}.Debug|Any CPU.Build.0 = Debug|Any CPU
		{1F73AB14-0161-4F13-9C5D-0D6C98DBA277}.Release|Any CPU.ActiveCfg = Release|Any CPU
		{1F73AB14-0161-4F13-9C5D-0D6C98DBA277}.Release|Any CPU.Build.0 = Release|Any CPU
		{8E7733D5-BEA3-40B6-9D00-813734CA0E34}.Debug|Any CPU.ActiveCfg = Debug|Any CPU
		{8E7733D5-BEA3-40B6-9D00-813734CA0E34}.Debug|Any CPU.Build.0 = Debug|Any CPU
		{8E7733D5-BEA3-40B6-9D00-813734CA0E34}.Release|Any CPU.ActiveCfg = Release|Any CPU
		{8E7733D5-BEA3-40B6-9D00-813734CA0E34}.Release|Any CPU.Build.0 = Release|Any CPU
		{5EDC7823-1556-4A1E-9CC5-BF4E2788E970}.Debug|Any CPU.ActiveCfg = Debug|Any CPU
		{5EDC7823-1556-4A1E-9CC5-BF4E2788E970}.Debug|Any CPU.Build.0 = Debug|Any CPU
		{5EDC7823-1556-4A1E-9CC5-BF4E2788E970}.Release|Any CPU.ActiveCfg = Release|Any CPU
		{5EDC7823-1556-4A1E-9CC5-BF4E2788E970}.Release|Any CPU.Build.0 = Release|Any CPU
		{8EEE3B33-682A-420F-B69E-0B9BC7DD6316}.Debug|Any CPU.ActiveCfg = Debug|Any CPU
		{8EEE3B33-682A-420F-B69E-0B9BC7DD6316}.Debug|Any CPU.Build.0 = Debug|Any CPU
		{8EEE3B33-682A-420F-B69E-0B9BC7DD6316}.Release|Any CPU.ActiveCfg = Release|Any CPU
		{8EEE3B33-682A-420F-B69E-0B9BC7DD6316}.Release|Any CPU.Build.0 = Release|Any CPU
		{0324BE2D-0860-4493-AC5E-28381ACD1E37}.Debug|Any CPU.ActiveCfg = Debug|Any CPU
		{0324BE2D-0860-4493-AC5E-28381ACD1E37}.Debug|Any CPU.Build.0 = Debug|Any CPU
		{0324BE2D-0860-4493-AC5E-28381ACD1E37}.Release|Any CPU.ActiveCfg = Release|Any CPU
		{0324BE2D-0860-4493-AC5E-28381ACD1E37}.Release|Any CPU.Build.0 = Release|Any CPU
		{08AA35C7-3DB3-470C-9380-AD06736B083D}.Debug|Any CPU.ActiveCfg = Debug|Any CPU
		{08AA35C7-3DB3-470C-9380-AD06736B083D}.Debug|Any CPU.Build.0 = Debug|Any CPU
		{08AA35C7-3DB3-470C-9380-AD06736B083D}.Release|Any CPU.ActiveCfg = Release|Any CPU
		{08AA35C7-3DB3-470C-9380-AD06736B083D}.Release|Any CPU.Build.0 = Release|Any CPU
		{9D58E7F3-78AD-415B-935E-BCC4DC16CFCD}.Debug|Any CPU.ActiveCfg = Debug|Any CPU
		{9D58E7F3-78AD-415B-935E-BCC4DC16CFCD}.Debug|Any CPU.Build.0 = Debug|Any CPU
		{9D58E7F3-78AD-415B-935E-BCC4DC16CFCD}.Release|Any CPU.ActiveCfg = Release|Any CPU
		{9D58E7F3-78AD-415B-935E-BCC4DC16CFCD}.Release|Any CPU.Build.0 = Release|Any CPU
		{9A0C9C1E-7135-4159-B587-135CD07FEC0F}.Debug|Any CPU.ActiveCfg = Debug|Any CPU
		{9A0C9C1E-7135-4159-B587-135CD07FEC0F}.Debug|Any CPU.Build.0 = Debug|Any CPU
		{9A0C9C1E-7135-4159-B587-135CD07FEC0F}.Release|Any CPU.ActiveCfg = Release|Any CPU
		{9A0C9C1E-7135-4159-B587-135CD07FEC0F}.Release|Any CPU.Build.0 = Release|Any CPU
		{F58F6698-03CB-404B-8B57-85101AE81D43}.Debug|Any CPU.ActiveCfg = Debug|Any CPU
		{F58F6698-03CB-404B-8B57-85101AE81D43}.Debug|Any CPU.Build.0 = Debug|Any CPU
		{F58F6698-03CB-404B-8B57-85101AE81D43}.Release|Any CPU.ActiveCfg = Release|Any CPU
		{F58F6698-03CB-404B-8B57-85101AE81D43}.Release|Any CPU.Build.0 = Release|Any CPU
		{43A42E61-9385-4454-A87B-92844F6DBC7B}.Debug|Any CPU.ActiveCfg = Debug|Any CPU
		{43A42E61-9385-4454-A87B-92844F6DBC7B}.Debug|Any CPU.Build.0 = Debug|Any CPU
		{43A42E61-9385-4454-A87B-92844F6DBC7B}.Release|Any CPU.ActiveCfg = Release|Any CPU
		{43A42E61-9385-4454-A87B-92844F6DBC7B}.Release|Any CPU.Build.0 = Release|Any CPU
		{26853171-832D-4B51-AE5A-0D97B7CD00D6}.Debug|Any CPU.ActiveCfg = Debug|Any CPU
		{26853171-832D-4B51-AE5A-0D97B7CD00D6}.Debug|Any CPU.Build.0 = Debug|Any CPU
		{26853171-832D-4B51-AE5A-0D97B7CD00D6}.Release|Any CPU.ActiveCfg = Release|Any CPU
		{26853171-832D-4B51-AE5A-0D97B7CD00D6}.Release|Any CPU.Build.0 = Release|Any CPU
		{38945CAB-AF42-4BEB-BDF3-44932EAEE981}.Debug|Any CPU.ActiveCfg = Debug|Any CPU
		{38945CAB-AF42-4BEB-BDF3-44932EAEE981}.Debug|Any CPU.Build.0 = Debug|Any CPU
		{38945CAB-AF42-4BEB-BDF3-44932EAEE981}.Release|Any CPU.ActiveCfg = Release|Any CPU
		{38945CAB-AF42-4BEB-BDF3-44932EAEE981}.Release|Any CPU.Build.0 = Release|Any CPU
		{2FDBE63D-5137-45D7-A46F-64A4D2748FBF}.Debug|Any CPU.ActiveCfg = Debug|Any CPU
		{2FDBE63D-5137-45D7-A46F-64A4D2748FBF}.Debug|Any CPU.Build.0 = Debug|Any CPU
		{2FDBE63D-5137-45D7-A46F-64A4D2748FBF}.Release|Any CPU.ActiveCfg = Release|Any CPU
		{2FDBE63D-5137-45D7-A46F-64A4D2748FBF}.Release|Any CPU.Build.0 = Release|Any CPU
		{CC11972A-4F3F-4700-A4B7-52E67F5F21BF}.Debug|Any CPU.ActiveCfg = Debug|Any CPU
		{CC11972A-4F3F-4700-A4B7-52E67F5F21BF}.Debug|Any CPU.Build.0 = Debug|Any CPU
		{CC11972A-4F3F-4700-A4B7-52E67F5F21BF}.Release|Any CPU.ActiveCfg = Release|Any CPU
		{CC11972A-4F3F-4700-A4B7-52E67F5F21BF}.Release|Any CPU.Build.0 = Release|Any CPU
		{4556EA9A-9D97-4D34-9BE4-5506BBDD5E4E}.Debug|Any CPU.ActiveCfg = Debug|Any CPU
		{4556EA9A-9D97-4D34-9BE4-5506BBDD5E4E}.Debug|Any CPU.Build.0 = Debug|Any CPU
		{4556EA9A-9D97-4D34-9BE4-5506BBDD5E4E}.Release|Any CPU.ActiveCfg = Release|Any CPU
		{4556EA9A-9D97-4D34-9BE4-5506BBDD5E4E}.Release|Any CPU.Build.0 = Release|Any CPU
		{CB2052D4-80C5-4243-B662-4FA57E58AF74}.Debug|Any CPU.ActiveCfg = Debug|Any CPU
		{CB2052D4-80C5-4243-B662-4FA57E58AF74}.Debug|Any CPU.Build.0 = Debug|Any CPU
		{CB2052D4-80C5-4243-B662-4FA57E58AF74}.Release|Any CPU.ActiveCfg = Release|Any CPU
		{CB2052D4-80C5-4243-B662-4FA57E58AF74}.Release|Any CPU.Build.0 = Release|Any CPU
		{725E30D7-D6E3-460D-ACFE-B1CA287DF99D}.Debug|Any CPU.ActiveCfg = Debug|Any CPU
		{725E30D7-D6E3-460D-ACFE-B1CA287DF99D}.Debug|Any CPU.Build.0 = Debug|Any CPU
		{725E30D7-D6E3-460D-ACFE-B1CA287DF99D}.Release|Any CPU.ActiveCfg = Release|Any CPU
		{725E30D7-D6E3-460D-ACFE-B1CA287DF99D}.Release|Any CPU.Build.0 = Release|Any CPU
		{80D8B6A5-98CA-4BDA-870D-AB038625F5DC}.Debug|Any CPU.ActiveCfg = Debug|Any CPU
		{80D8B6A5-98CA-4BDA-870D-AB038625F5DC}.Debug|Any CPU.Build.0 = Debug|Any CPU
		{80D8B6A5-98CA-4BDA-870D-AB038625F5DC}.Release|Any CPU.ActiveCfg = Release|Any CPU
		{80D8B6A5-98CA-4BDA-870D-AB038625F5DC}.Release|Any CPU.Build.0 = Release|Any CPU
		{A84F825E-BCE2-4236-B6A0-52930C19D66F}.Debug|Any CPU.ActiveCfg = Debug|Any CPU
		{A84F825E-BCE2-4236-B6A0-52930C19D66F}.Debug|Any CPU.Build.0 = Debug|Any CPU
		{A84F825E-BCE2-4236-B6A0-52930C19D66F}.Release|Any CPU.ActiveCfg = Release|Any CPU
		{A84F825E-BCE2-4236-B6A0-52930C19D66F}.Release|Any CPU.Build.0 = Release|Any CPU
		{BB72C498-4AA4-4E90-A1E9-D5663FCEDAE5}.Debug|Any CPU.ActiveCfg = Debug|Any CPU
		{BB72C498-4AA4-4E90-A1E9-D5663FCEDAE5}.Debug|Any CPU.Build.0 = Debug|Any CPU
		{BB72C498-4AA4-4E90-A1E9-D5663FCEDAE5}.Release|Any CPU.ActiveCfg = Release|Any CPU
		{BB72C498-4AA4-4E90-A1E9-D5663FCEDAE5}.Release|Any CPU.Build.0 = Release|Any CPU
		{B88876FE-D675-40CD-9B48-968BB399D0ED}.Debug|Any CPU.ActiveCfg = Debug|Any CPU
		{B88876FE-D675-40CD-9B48-968BB399D0ED}.Debug|Any CPU.Build.0 = Debug|Any CPU
		{B88876FE-D675-40CD-9B48-968BB399D0ED}.Release|Any CPU.ActiveCfg = Release|Any CPU
		{B88876FE-D675-40CD-9B48-968BB399D0ED}.Release|Any CPU.Build.0 = Release|Any CPU
		{80FC62BE-CDA7-4AEB-8AF0-6B9E60269629}.Debug|Any CPU.ActiveCfg = Debug|Any CPU
		{80FC62BE-CDA7-4AEB-8AF0-6B9E60269629}.Debug|Any CPU.Build.0 = Debug|Any CPU
		{80FC62BE-CDA7-4AEB-8AF0-6B9E60269629}.Release|Any CPU.ActiveCfg = Release|Any CPU
		{80FC62BE-CDA7-4AEB-8AF0-6B9E60269629}.Release|Any CPU.Build.0 = Release|Any CPU
		{06F0D9C6-0D56-4BD0-B3B8-F5341B03094C}.Debug|Any CPU.ActiveCfg = Debug|Any CPU
		{06F0D9C6-0D56-4BD0-B3B8-F5341B03094C}.Debug|Any CPU.Build.0 = Debug|Any CPU
		{06F0D9C6-0D56-4BD0-B3B8-F5341B03094C}.Release|Any CPU.ActiveCfg = Release|Any CPU
		{06F0D9C6-0D56-4BD0-B3B8-F5341B03094C}.Release|Any CPU.Build.0 = Release|Any CPU
		{630298B7-3AD8-4BD9-AD63-A58235D557CA}.Debug|Any CPU.ActiveCfg = Debug|Any CPU
		{630298B7-3AD8-4BD9-AD63-A58235D557CA}.Debug|Any CPU.Build.0 = Debug|Any CPU
		{630298B7-3AD8-4BD9-AD63-A58235D557CA}.Release|Any CPU.ActiveCfg = Release|Any CPU
		{630298B7-3AD8-4BD9-AD63-A58235D557CA}.Release|Any CPU.Build.0 = Release|Any CPU
		{CE944018-35D5-4414-A9B9-60907DE8297E}.Debug|Any CPU.ActiveCfg = Debug|Any CPU
		{CE944018-35D5-4414-A9B9-60907DE8297E}.Debug|Any CPU.Build.0 = Debug|Any CPU
		{CE944018-35D5-4414-A9B9-60907DE8297E}.Release|Any CPU.ActiveCfg = Release|Any CPU
		{CE944018-35D5-4414-A9B9-60907DE8297E}.Release|Any CPU.Build.0 = Release|Any CPU
		{E835C9E1-AD59-4FD1-9E85-7DB5EE366255}.Debug|Any CPU.ActiveCfg = Debug|Any CPU
		{E835C9E1-AD59-4FD1-9E85-7DB5EE366255}.Debug|Any CPU.Build.0 = Debug|Any CPU
		{E835C9E1-AD59-4FD1-9E85-7DB5EE366255}.Release|Any CPU.ActiveCfg = Release|Any CPU
		{E835C9E1-AD59-4FD1-9E85-7DB5EE366255}.Release|Any CPU.Build.0 = Release|Any CPU
		{6128FD55-F0D7-43B8-8936-831CE0446D0A}.Debug|Any CPU.ActiveCfg = Debug|Any CPU
		{6128FD55-F0D7-43B8-8936-831CE0446D0A}.Debug|Any CPU.Build.0 = Debug|Any CPU
		{6128FD55-F0D7-43B8-8936-831CE0446D0A}.Release|Any CPU.ActiveCfg = Release|Any CPU
		{6128FD55-F0D7-43B8-8936-831CE0446D0A}.Release|Any CPU.Build.0 = Release|Any CPU
		{A1A365CC-EC0B-4A19-9BF1-88FCFBA278C3}.Debug|Any CPU.ActiveCfg = Debug|Any CPU
		{A1A365CC-EC0B-4A19-9BF1-88FCFBA278C3}.Debug|Any CPU.Build.0 = Debug|Any CPU
		{A1A365CC-EC0B-4A19-9BF1-88FCFBA278C3}.Release|Any CPU.ActiveCfg = Release|Any CPU
		{A1A365CC-EC0B-4A19-9BF1-88FCFBA278C3}.Release|Any CPU.Build.0 = Release|Any CPU
		{5D59809D-C1D4-4A1F-A117-57DEFA4D8CB5}.Debug|Any CPU.ActiveCfg = Debug|Any CPU
		{5D59809D-C1D4-4A1F-A117-57DEFA4D8CB5}.Debug|Any CPU.Build.0 = Debug|Any CPU
		{5D59809D-C1D4-4A1F-A117-57DEFA4D8CB5}.Release|Any CPU.ActiveCfg = Release|Any CPU
		{5D59809D-C1D4-4A1F-A117-57DEFA4D8CB5}.Release|Any CPU.Build.0 = Release|Any CPU
		{3ECCAFA2-2609-4475-B03F-B27420A133FB}.Debug|Any CPU.ActiveCfg = Debug|Any CPU
		{3ECCAFA2-2609-4475-B03F-B27420A133FB}.Debug|Any CPU.Build.0 = Debug|Any CPU
		{3ECCAFA2-2609-4475-B03F-B27420A133FB}.Release|Any CPU.ActiveCfg = Release|Any CPU
		{3ECCAFA2-2609-4475-B03F-B27420A133FB}.Release|Any CPU.Build.0 = Release|Any CPU
		{C5A7F4C7-E313-48AD-B1EB-33E54674D116}.Debug|Any CPU.ActiveCfg = Debug|Any CPU
		{C5A7F4C7-E313-48AD-B1EB-33E54674D116}.Debug|Any CPU.Build.0 = Debug|Any CPU
		{C5A7F4C7-E313-48AD-B1EB-33E54674D116}.Release|Any CPU.ActiveCfg = Release|Any CPU
		{C5A7F4C7-E313-48AD-B1EB-33E54674D116}.Release|Any CPU.Build.0 = Release|Any CPU
		{BEEC2364-6E18-410E-A17F-470D84C79855}.Debug|Any CPU.ActiveCfg = Debug|Any CPU
		{BEEC2364-6E18-410E-A17F-470D84C79855}.Debug|Any CPU.Build.0 = Debug|Any CPU
		{BEEC2364-6E18-410E-A17F-470D84C79855}.Release|Any CPU.ActiveCfg = Release|Any CPU
		{BEEC2364-6E18-410E-A17F-470D84C79855}.Release|Any CPU.Build.0 = Release|Any CPU
		{D220411E-0B8C-4008-88FB-6AA97E74236B}.Debug|Any CPU.ActiveCfg = Debug|Any CPU
		{D220411E-0B8C-4008-88FB-6AA97E74236B}.Debug|Any CPU.Build.0 = Debug|Any CPU
		{D220411E-0B8C-4008-88FB-6AA97E74236B}.Release|Any CPU.ActiveCfg = Release|Any CPU
		{D220411E-0B8C-4008-88FB-6AA97E74236B}.Release|Any CPU.Build.0 = Release|Any CPU
		{2EAE5BB7-5A96-4192-91F5-B20B5BB61F5F}.Debug|Any CPU.ActiveCfg = Debug|Any CPU
		{2EAE5BB7-5A96-4192-91F5-B20B5BB61F5F}.Debug|Any CPU.Build.0 = Debug|Any CPU
		{2EAE5BB7-5A96-4192-91F5-B20B5BB61F5F}.Release|Any CPU.ActiveCfg = Release|Any CPU
		{2EAE5BB7-5A96-4192-91F5-B20B5BB61F5F}.Release|Any CPU.Build.0 = Release|Any CPU
		{D5157985-A19B-45E8-863E-93A9BBAB7C11}.Debug|Any CPU.ActiveCfg = Debug|Any CPU
		{D5157985-A19B-45E8-863E-93A9BBAB7C11}.Debug|Any CPU.Build.0 = Debug|Any CPU
		{D5157985-A19B-45E8-863E-93A9BBAB7C11}.Release|Any CPU.ActiveCfg = Release|Any CPU
		{D5157985-A19B-45E8-863E-93A9BBAB7C11}.Release|Any CPU.Build.0 = Release|Any CPU
		{1639479B-3CD0-4771-95CF-FFF03E9906A3}.Debug|Any CPU.ActiveCfg = Debug|Any CPU
		{1639479B-3CD0-4771-95CF-FFF03E9906A3}.Debug|Any CPU.Build.0 = Debug|Any CPU
		{1639479B-3CD0-4771-95CF-FFF03E9906A3}.Release|Any CPU.ActiveCfg = Release|Any CPU
		{1639479B-3CD0-4771-95CF-FFF03E9906A3}.Release|Any CPU.Build.0 = Release|Any CPU
		{28E7DB5A-1F78-4AF0-9D6A-F50A1A7E71B7}.Debug|Any CPU.ActiveCfg = Debug|Any CPU
		{28E7DB5A-1F78-4AF0-9D6A-F50A1A7E71B7}.Debug|Any CPU.Build.0 = Debug|Any CPU
		{28E7DB5A-1F78-4AF0-9D6A-F50A1A7E71B7}.Release|Any CPU.ActiveCfg = Release|Any CPU
		{28E7DB5A-1F78-4AF0-9D6A-F50A1A7E71B7}.Release|Any CPU.Build.0 = Release|Any CPU
		{D62385E8-8E73-4CDE-8C47-146B36C5583E}.Debug|Any CPU.ActiveCfg = Debug|Any CPU
		{D62385E8-8E73-4CDE-8C47-146B36C5583E}.Debug|Any CPU.Build.0 = Debug|Any CPU
		{D62385E8-8E73-4CDE-8C47-146B36C5583E}.Release|Any CPU.ActiveCfg = Release|Any CPU
		{D62385E8-8E73-4CDE-8C47-146B36C5583E}.Release|Any CPU.Build.0 = Release|Any CPU
		{18CC122B-ABDB-4037-B1E0-EE372ED633DB}.Debug|Any CPU.ActiveCfg = Debug|Any CPU
		{18CC122B-ABDB-4037-B1E0-EE372ED633DB}.Debug|Any CPU.Build.0 = Debug|Any CPU
		{18CC122B-ABDB-4037-B1E0-EE372ED633DB}.Release|Any CPU.ActiveCfg = Release|Any CPU
		{18CC122B-ABDB-4037-B1E0-EE372ED633DB}.Release|Any CPU.Build.0 = Release|Any CPU
		{BF8EA37D-D850-4549-820A-72A7A10B3C73}.Debug|Any CPU.ActiveCfg = Debug|Any CPU
		{BF8EA37D-D850-4549-820A-72A7A10B3C73}.Debug|Any CPU.Build.0 = Debug|Any CPU
		{BF8EA37D-D850-4549-820A-72A7A10B3C73}.Release|Any CPU.ActiveCfg = Release|Any CPU
		{BF8EA37D-D850-4549-820A-72A7A10B3C73}.Release|Any CPU.Build.0 = Release|Any CPU
		{6D92842E-8BFE-4F40-869C-B4AE2BDFC453}.Debug|Any CPU.ActiveCfg = Debug|Any CPU
		{6D92842E-8BFE-4F40-869C-B4AE2BDFC453}.Debug|Any CPU.Build.0 = Debug|Any CPU
		{6D92842E-8BFE-4F40-869C-B4AE2BDFC453}.Release|Any CPU.ActiveCfg = Release|Any CPU
		{6D92842E-8BFE-4F40-869C-B4AE2BDFC453}.Release|Any CPU.Build.0 = Release|Any CPU
		{94031E3B-3AF6-477D-8E91-D3EFA1EEFB5B}.Debug|Any CPU.ActiveCfg = Debug|Any CPU
		{94031E3B-3AF6-477D-8E91-D3EFA1EEFB5B}.Debug|Any CPU.Build.0 = Debug|Any CPU
		{94031E3B-3AF6-477D-8E91-D3EFA1EEFB5B}.Release|Any CPU.ActiveCfg = Release|Any CPU
		{94031E3B-3AF6-477D-8E91-D3EFA1EEFB5B}.Release|Any CPU.Build.0 = Release|Any CPU
		{D5E1C161-326E-40A0-906B-C139F7546057}.Debug|Any CPU.ActiveCfg = Debug|Any CPU
		{D5E1C161-326E-40A0-906B-C139F7546057}.Debug|Any CPU.Build.0 = Debug|Any CPU
		{D5E1C161-326E-40A0-906B-C139F7546057}.Release|Any CPU.ActiveCfg = Release|Any CPU
		{D5E1C161-326E-40A0-906B-C139F7546057}.Release|Any CPU.Build.0 = Release|Any CPU
		{B111807F-8869-4E88-93BA-409B9BFC82BF}.Debug|Any CPU.ActiveCfg = Debug|Any CPU
		{B111807F-8869-4E88-93BA-409B9BFC82BF}.Debug|Any CPU.Build.0 = Debug|Any CPU
		{B111807F-8869-4E88-93BA-409B9BFC82BF}.Release|Any CPU.ActiveCfg = Release|Any CPU
		{B111807F-8869-4E88-93BA-409B9BFC82BF}.Release|Any CPU.Build.0 = Release|Any CPU
		{C00149F7-90FE-406B-84BD-307E66F96C3D}.Debug|Any CPU.ActiveCfg = Debug|Any CPU
		{C00149F7-90FE-406B-84BD-307E66F96C3D}.Debug|Any CPU.Build.0 = Debug|Any CPU
		{C00149F7-90FE-406B-84BD-307E66F96C3D}.Release|Any CPU.ActiveCfg = Release|Any CPU
		{C00149F7-90FE-406B-84BD-307E66F96C3D}.Release|Any CPU.Build.0 = Release|Any CPU
		{E92FF202-D9B2-4B40-BBD0-08E7B03C53BD}.Debug|Any CPU.ActiveCfg = Debug|Any CPU
		{E92FF202-D9B2-4B40-BBD0-08E7B03C53BD}.Debug|Any CPU.Build.0 = Debug|Any CPU
		{E92FF202-D9B2-4B40-BBD0-08E7B03C53BD}.Release|Any CPU.ActiveCfg = Release|Any CPU
		{E92FF202-D9B2-4B40-BBD0-08E7B03C53BD}.Release|Any CPU.Build.0 = Release|Any CPU
		{FEAB1129-A21A-400E-A3C7-72C6AE8C983E}.Debug|Any CPU.ActiveCfg = Debug|Any CPU
		{FEAB1129-A21A-400E-A3C7-72C6AE8C983E}.Debug|Any CPU.Build.0 = Debug|Any CPU
		{FEAB1129-A21A-400E-A3C7-72C6AE8C983E}.Release|Any CPU.ActiveCfg = Release|Any CPU
		{FEAB1129-A21A-400E-A3C7-72C6AE8C983E}.Release|Any CPU.Build.0 = Release|Any CPU
		{1A046539-FCEE-4292-A697-88EE4774BEA5}.Debug|Any CPU.ActiveCfg = Debug|Any CPU
		{1A046539-FCEE-4292-A697-88EE4774BEA5}.Debug|Any CPU.Build.0 = Debug|Any CPU
		{1A046539-FCEE-4292-A697-88EE4774BEA5}.Release|Any CPU.ActiveCfg = Release|Any CPU
		{1A046539-FCEE-4292-A697-88EE4774BEA5}.Release|Any CPU.Build.0 = Release|Any CPU
		{48790B61-29F2-4B0C-82CF-1C5D5C30DEE4}.Debug|Any CPU.ActiveCfg = Debug|Any CPU
		{48790B61-29F2-4B0C-82CF-1C5D5C30DEE4}.Debug|Any CPU.Build.0 = Debug|Any CPU
		{48790B61-29F2-4B0C-82CF-1C5D5C30DEE4}.Release|Any CPU.ActiveCfg = Release|Any CPU
		{48790B61-29F2-4B0C-82CF-1C5D5C30DEE4}.Release|Any CPU.Build.0 = Release|Any CPU
		{A14F6CE6-8122-4B45-9361-ED81E71D6CE0}.Debug|Any CPU.ActiveCfg = Debug|Any CPU
		{A14F6CE6-8122-4B45-9361-ED81E71D6CE0}.Debug|Any CPU.Build.0 = Debug|Any CPU
		{A14F6CE6-8122-4B45-9361-ED81E71D6CE0}.Release|Any CPU.ActiveCfg = Release|Any CPU
		{A14F6CE6-8122-4B45-9361-ED81E71D6CE0}.Release|Any CPU.Build.0 = Release|Any CPU
		{06B3480A-E502-4334-8530-D69E5CC9922E}.Debug|Any CPU.ActiveCfg = Debug|Any CPU
		{06B3480A-E502-4334-8530-D69E5CC9922E}.Debug|Any CPU.Build.0 = Debug|Any CPU
		{06B3480A-E502-4334-8530-D69E5CC9922E}.Release|Any CPU.ActiveCfg = Release|Any CPU
		{06B3480A-E502-4334-8530-D69E5CC9922E}.Release|Any CPU.Build.0 = Release|Any CPU
		{6B7AD490-8FA1-4836-808E-E82874F9D302}.Debug|Any CPU.ActiveCfg = Debug|Any CPU
		{6B7AD490-8FA1-4836-808E-E82874F9D302}.Debug|Any CPU.Build.0 = Debug|Any CPU
		{6B7AD490-8FA1-4836-808E-E82874F9D302}.Release|Any CPU.ActiveCfg = Release|Any CPU
		{6B7AD490-8FA1-4836-808E-E82874F9D302}.Release|Any CPU.Build.0 = Release|Any CPU
		{266D4683-4C83-412A-96B2-407BCF22BEFD}.Debug|Any CPU.ActiveCfg = Debug|Any CPU
		{266D4683-4C83-412A-96B2-407BCF22BEFD}.Debug|Any CPU.Build.0 = Debug|Any CPU
		{266D4683-4C83-412A-96B2-407BCF22BEFD}.Release|Any CPU.ActiveCfg = Release|Any CPU
		{266D4683-4C83-412A-96B2-407BCF22BEFD}.Release|Any CPU.Build.0 = Release|Any CPU
		{DFA9C04B-B9A8-47FD-A5E2-BEA7C086D86A}.Debug|Any CPU.ActiveCfg = Debug|Any CPU
		{DFA9C04B-B9A8-47FD-A5E2-BEA7C086D86A}.Debug|Any CPU.Build.0 = Debug|Any CPU
		{DFA9C04B-B9A8-47FD-A5E2-BEA7C086D86A}.Release|Any CPU.ActiveCfg = Release|Any CPU
		{DFA9C04B-B9A8-47FD-A5E2-BEA7C086D86A}.Release|Any CPU.Build.0 = Release|Any CPU
		{B665363C-65A9-4F4D-955A-873A28ACA879}.Debug|Any CPU.ActiveCfg = Debug|Any CPU
		{B665363C-65A9-4F4D-955A-873A28ACA879}.Debug|Any CPU.Build.0 = Debug|Any CPU
		{B665363C-65A9-4F4D-955A-873A28ACA879}.Release|Any CPU.ActiveCfg = Release|Any CPU
		{B665363C-65A9-4F4D-955A-873A28ACA879}.Release|Any CPU.Build.0 = Release|Any CPU
		{EAF679D1-9937-4F77-936D-DA8ACF01E659}.Debug|Any CPU.ActiveCfg = Debug|Any CPU
		{EAF679D1-9937-4F77-936D-DA8ACF01E659}.Debug|Any CPU.Build.0 = Debug|Any CPU
		{EAF679D1-9937-4F77-936D-DA8ACF01E659}.Release|Any CPU.ActiveCfg = Release|Any CPU
		{EAF679D1-9937-4F77-936D-DA8ACF01E659}.Release|Any CPU.Build.0 = Release|Any CPU
		{39070F9C-F544-4F8B-AEA7-FB36142997CF}.Debug|Any CPU.ActiveCfg = Debug|Any CPU
		{39070F9C-F544-4F8B-AEA7-FB36142997CF}.Debug|Any CPU.Build.0 = Debug|Any CPU
		{39070F9C-F544-4F8B-AEA7-FB36142997CF}.Release|Any CPU.ActiveCfg = Release|Any CPU
		{39070F9C-F544-4F8B-AEA7-FB36142997CF}.Release|Any CPU.Build.0 = Release|Any CPU
		{57CB9B5D-393C-463A-BE14-2D57BEEBF81B}.Debug|Any CPU.ActiveCfg = Debug|Any CPU
		{57CB9B5D-393C-463A-BE14-2D57BEEBF81B}.Debug|Any CPU.Build.0 = Debug|Any CPU
		{57CB9B5D-393C-463A-BE14-2D57BEEBF81B}.Release|Any CPU.ActiveCfg = Release|Any CPU
		{57CB9B5D-393C-463A-BE14-2D57BEEBF81B}.Release|Any CPU.Build.0 = Release|Any CPU
		{9B7E4B02-0E68-4CB5-8DED-7DD7EE7898BB}.Debug|Any CPU.ActiveCfg = Debug|Any CPU
		{9B7E4B02-0E68-4CB5-8DED-7DD7EE7898BB}.Debug|Any CPU.Build.0 = Debug|Any CPU
		{9B7E4B02-0E68-4CB5-8DED-7DD7EE7898BB}.Release|Any CPU.ActiveCfg = Release|Any CPU
		{9B7E4B02-0E68-4CB5-8DED-7DD7EE7898BB}.Release|Any CPU.Build.0 = Release|Any CPU
		{E6C2F3BD-C01E-4BE1-A6B4-7615D6A9FEDA}.Debug|Any CPU.ActiveCfg = Debug|Any CPU
		{E6C2F3BD-C01E-4BE1-A6B4-7615D6A9FEDA}.Debug|Any CPU.Build.0 = Debug|Any CPU
		{E6C2F3BD-C01E-4BE1-A6B4-7615D6A9FEDA}.Release|Any CPU.ActiveCfg = Release|Any CPU
		{E6C2F3BD-C01E-4BE1-A6B4-7615D6A9FEDA}.Release|Any CPU.Build.0 = Release|Any CPU
		{FBBB693F-7CF7-41F5-8D9A-89104D429A55}.Debug|Any CPU.ActiveCfg = Debug|Any CPU
		{FBBB693F-7CF7-41F5-8D9A-89104D429A55}.Debug|Any CPU.Build.0 = Debug|Any CPU
		{FBBB693F-7CF7-41F5-8D9A-89104D429A55}.Release|Any CPU.ActiveCfg = Release|Any CPU
		{FBBB693F-7CF7-41F5-8D9A-89104D429A55}.Release|Any CPU.Build.0 = Release|Any CPU
		{165B913C-EA63-43B7-9B8F-E6A416AC9EFA}.Debug|Any CPU.ActiveCfg = Debug|Any CPU
		{165B913C-EA63-43B7-9B8F-E6A416AC9EFA}.Debug|Any CPU.Build.0 = Debug|Any CPU
		{165B913C-EA63-43B7-9B8F-E6A416AC9EFA}.Release|Any CPU.ActiveCfg = Release|Any CPU
		{165B913C-EA63-43B7-9B8F-E6A416AC9EFA}.Release|Any CPU.Build.0 = Release|Any CPU
		{DDE87842-F792-4D32-954E-E65D28D1F2F4}.Debug|Any CPU.ActiveCfg = Debug|Any CPU
		{DDE87842-F792-4D32-954E-E65D28D1F2F4}.Debug|Any CPU.Build.0 = Debug|Any CPU
		{DDE87842-F792-4D32-954E-E65D28D1F2F4}.Release|Any CPU.ActiveCfg = Release|Any CPU
		{DDE87842-F792-4D32-954E-E65D28D1F2F4}.Release|Any CPU.Build.0 = Release|Any CPU
		{6B507D56-AFEB-4F2F-A891-0487875280A8}.Debug|Any CPU.ActiveCfg = Debug|Any CPU
		{6B507D56-AFEB-4F2F-A891-0487875280A8}.Debug|Any CPU.Build.0 = Debug|Any CPU
		{6B507D56-AFEB-4F2F-A891-0487875280A8}.Release|Any CPU.ActiveCfg = Release|Any CPU
		{6B507D56-AFEB-4F2F-A891-0487875280A8}.Release|Any CPU.Build.0 = Release|Any CPU
		{4200ABC7-C214-4F01-95D7-1E79FEAD73DC}.Debug|Any CPU.ActiveCfg = Debug|Any CPU
		{4200ABC7-C214-4F01-95D7-1E79FEAD73DC}.Debug|Any CPU.Build.0 = Debug|Any CPU
		{4200ABC7-C214-4F01-95D7-1E79FEAD73DC}.Release|Any CPU.ActiveCfg = Release|Any CPU
		{4200ABC7-C214-4F01-95D7-1E79FEAD73DC}.Release|Any CPU.Build.0 = Release|Any CPU
		{2AE83AAC-ADCF-455F-8164-296AC03C123A}.Debug|Any CPU.ActiveCfg = Debug|Any CPU
		{2AE83AAC-ADCF-455F-8164-296AC03C123A}.Debug|Any CPU.Build.0 = Debug|Any CPU
		{2AE83AAC-ADCF-455F-8164-296AC03C123A}.Release|Any CPU.ActiveCfg = Release|Any CPU
		{2AE83AAC-ADCF-455F-8164-296AC03C123A}.Release|Any CPU.Build.0 = Release|Any CPU
		{4D50EEBE-97E7-40CC-AED3-B8FF828ED698}.Debug|Any CPU.ActiveCfg = Debug|Any CPU
		{4D50EEBE-97E7-40CC-AED3-B8FF828ED698}.Debug|Any CPU.Build.0 = Debug|Any CPU
		{4D50EEBE-97E7-40CC-AED3-B8FF828ED698}.Release|Any CPU.ActiveCfg = Release|Any CPU
		{4D50EEBE-97E7-40CC-AED3-B8FF828ED698}.Release|Any CPU.Build.0 = Release|Any CPU
		{A71280F4-A376-44F2-8C25-0C8E0065F961}.Debug|Any CPU.ActiveCfg = Debug|Any CPU
		{A71280F4-A376-44F2-8C25-0C8E0065F961}.Debug|Any CPU.Build.0 = Debug|Any CPU
		{A71280F4-A376-44F2-8C25-0C8E0065F961}.Release|Any CPU.ActiveCfg = Release|Any CPU
		{A71280F4-A376-44F2-8C25-0C8E0065F961}.Release|Any CPU.Build.0 = Release|Any CPU
		{648BD470-8C19-4E5E-8EB5-DA835B2A0B3B}.Debug|Any CPU.ActiveCfg = Debug|Any CPU
		{648BD470-8C19-4E5E-8EB5-DA835B2A0B3B}.Debug|Any CPU.Build.0 = Debug|Any CPU
		{648BD470-8C19-4E5E-8EB5-DA835B2A0B3B}.Release|Any CPU.ActiveCfg = Release|Any CPU
		{648BD470-8C19-4E5E-8EB5-DA835B2A0B3B}.Release|Any CPU.Build.0 = Release|Any CPU
		{C84EDF66-4CB0-4CCF-AD5C-67C6D2330FC8}.Debug|Any CPU.ActiveCfg = Debug|Any CPU
		{C84EDF66-4CB0-4CCF-AD5C-67C6D2330FC8}.Debug|Any CPU.Build.0 = Debug|Any CPU
		{C84EDF66-4CB0-4CCF-AD5C-67C6D2330FC8}.Release|Any CPU.ActiveCfg = Release|Any CPU
		{C84EDF66-4CB0-4CCF-AD5C-67C6D2330FC8}.Release|Any CPU.Build.0 = Release|Any CPU
	EndGlobalSection
	GlobalSection(SolutionProperties) = preSolution
		HideSolutionNode = FALSE
	EndGlobalSection
	GlobalSection(NestedProjects) = preSolution
		{BF55E533-6958-4F9E-A599-BE9495534421} = {1DEB39A6-498F-498E-9BA8-77CD6FCF070A}
		{361F42FD-FC7F-4362-BC19-67EFC64B6A90} = {1BA40D4F-C4A0-49B9-AE4D-9337C8BD8F34}
		{073608A1-D2CC-4B84-A82A-62392F90E575} = {1BA40D4F-C4A0-49B9-AE4D-9337C8BD8F34}
		{6C03F927-B3B5-49A7-9F83-D65CACE30835} = {1BA40D4F-C4A0-49B9-AE4D-9337C8BD8F34}
		{D82516E8-DE51-45D9-820A-CA853D4479CE} = {1BA40D4F-C4A0-49B9-AE4D-9337C8BD8F34}
		{CBC58F30-6D67-4A91-B7E0-EDCFE0118CDF} = {1BA40D4F-C4A0-49B9-AE4D-9337C8BD8F34}
		{69AEA626-8A20-4E6A-BF51-1D9DA3A121E2} = {1BA40D4F-C4A0-49B9-AE4D-9337C8BD8F34}
		{E7FD1485-8C76-4C80-A996-8356EF134D76} = {09F29B8E-E737-4277-BAFA-9ADEA1BFC1A8}
		{680C84F5-C12F-40C1-BBCC-78A76303D7FF} = {09F29B8E-E737-4277-BAFA-9ADEA1BFC1A8}
		{EB12990B-EC53-4862-BF60-C7B7732895D3} = {09F29B8E-E737-4277-BAFA-9ADEA1BFC1A8}
		{C4BE7CFD-9A05-45FA-852A-C55FF45B8436} = {09F29B8E-E737-4277-BAFA-9ADEA1BFC1A8}
		{C369667B-F277-4EA5-A00E-5B6C5F55D748} = {09F29B8E-E737-4277-BAFA-9ADEA1BFC1A8}
		{83188D98-72C2-476B-AE87-B56E8F414F60} = {09F29B8E-E737-4277-BAFA-9ADEA1BFC1A8}
		{0CB1B14C-D16B-47A5-ABCF-34E94DDB3D76} = {0AC58DF3-39D5-4A8C-8DAF-35A324D38417}
		{9682AEA0-6BE6-4C18-ADB1-05820F61918F} = {0AC58DF3-39D5-4A8C-8DAF-35A324D38417}
		{52422479-09E4-4F65-AD81-56853C13DCBD} = {0AC58DF3-39D5-4A8C-8DAF-35A324D38417}
		{8D983A25-A103-45DA-8599-149465DE03EE} = {0AC58DF3-39D5-4A8C-8DAF-35A324D38417}
		{1F73AB14-0161-4F13-9C5D-0D6C98DBA277} = {0AC58DF3-39D5-4A8C-8DAF-35A324D38417}
		{8E7733D5-BEA3-40B6-9D00-813734CA0E34} = {0AC58DF3-39D5-4A8C-8DAF-35A324D38417}
		{5EDC7823-1556-4A1E-9CC5-BF4E2788E970} = {0AC58DF3-39D5-4A8C-8DAF-35A324D38417}
		{8EEE3B33-682A-420F-B69E-0B9BC7DD6316} = {0AC58DF3-39D5-4A8C-8DAF-35A324D38417}
		{0324BE2D-0860-4493-AC5E-28381ACD1E37} = {F9EBA015-C455-47FD-906E-0C42C300712B}
		{08AA35C7-3DB3-470C-9380-AD06736B083D} = {F9EBA015-C455-47FD-906E-0C42C300712B}
		{9D58E7F3-78AD-415B-935E-BCC4DC16CFCD} = {F9EBA015-C455-47FD-906E-0C42C300712B}
		{9A0C9C1E-7135-4159-B587-135CD07FEC0F} = {F9EBA015-C455-47FD-906E-0C42C300712B}
		{F58F6698-03CB-404B-8B57-85101AE81D43} = {F9EBA015-C455-47FD-906E-0C42C300712B}
		{43A42E61-9385-4454-A87B-92844F6DBC7B} = {330E0895-BECA-4FDC-B39D-C17DF6498C19}
		{26853171-832D-4B51-AE5A-0D97B7CD00D6} = {330E0895-BECA-4FDC-B39D-C17DF6498C19}
		{38945CAB-AF42-4BEB-BDF3-44932EAEE981} = {F366495A-D8A2-4992-895E-F8F734634EBB}
		{2FDBE63D-5137-45D7-A46F-64A4D2748FBF} = {63A6ACF4-4CC2-438C-82C0-6A9BEDD111E3}
		{CC11972A-4F3F-4700-A4B7-52E67F5F21BF} = {63A6ACF4-4CC2-438C-82C0-6A9BEDD111E3}
		{4556EA9A-9D97-4D34-9BE4-5506BBDD5E4E} = {63A6ACF4-4CC2-438C-82C0-6A9BEDD111E3}
		{CB2052D4-80C5-4243-B662-4FA57E58AF74} = {63A6ACF4-4CC2-438C-82C0-6A9BEDD111E3}
		{725E30D7-D6E3-460D-ACFE-B1CA287DF99D} = {F366495A-D8A2-4992-895E-F8F734634EBB}
		{80D8B6A5-98CA-4BDA-870D-AB038625F5DC} = {D1AF4D28-48F3-44EC-A676-EFA54D115C0A}
		{A84F825E-BCE2-4236-B6A0-52930C19D66F} = {D1AF4D28-48F3-44EC-A676-EFA54D115C0A}
		{BB72C498-4AA4-4E90-A1E9-D5663FCEDAE5} = {04F07F6F-C115-4BDA-A98C-C086A39118BC}
		{B88876FE-D675-40CD-9B48-968BB399D0ED} = {04F07F6F-C115-4BDA-A98C-C086A39118BC}
		{80FC62BE-CDA7-4AEB-8AF0-6B9E60269629} = {011B80E9-6EB3-44F1-BDDD-2284F7B8021B}
		{06F0D9C6-0D56-4BD0-B3B8-F5341B03094C} = {011B80E9-6EB3-44F1-BDDD-2284F7B8021B}
		{630298B7-3AD8-4BD9-AD63-A58235D557CA} = {011B80E9-6EB3-44F1-BDDD-2284F7B8021B}
		{CE944018-35D5-4414-A9B9-60907DE8297E} = {011B80E9-6EB3-44F1-BDDD-2284F7B8021B}
		{E835C9E1-AD59-4FD1-9E85-7DB5EE366255} = {011B80E9-6EB3-44F1-BDDD-2284F7B8021B}
		{6128FD55-F0D7-43B8-8936-831CE0446D0A} = {011B80E9-6EB3-44F1-BDDD-2284F7B8021B}
		{A1A365CC-EC0B-4A19-9BF1-88FCFBA278C3} = {F366495A-D8A2-4992-895E-F8F734634EBB}
		{5D59809D-C1D4-4A1F-A117-57DEFA4D8CB5} = {F366495A-D8A2-4992-895E-F8F734634EBB}
		{3ECCAFA2-2609-4475-B03F-B27420A133FB} = {011B80E9-6EB3-44F1-BDDD-2284F7B8021B}
		{C5A7F4C7-E313-48AD-B1EB-33E54674D116} = {011B80E9-6EB3-44F1-BDDD-2284F7B8021B}
		{BEEC2364-6E18-410E-A17F-470D84C79855} = {011B80E9-6EB3-44F1-BDDD-2284F7B8021B}
		{D220411E-0B8C-4008-88FB-6AA97E74236B} = {011B80E9-6EB3-44F1-BDDD-2284F7B8021B}
		{2EAE5BB7-5A96-4192-91F5-B20B5BB61F5F} = {011B80E9-6EB3-44F1-BDDD-2284F7B8021B}
		{D5157985-A19B-45E8-863E-93A9BBAB7C11} = {F366495A-D8A2-4992-895E-F8F734634EBB}
		{1639479B-3CD0-4771-95CF-FFF03E9906A3} = {011B80E9-6EB3-44F1-BDDD-2284F7B8021B}
		{28E7DB5A-1F78-4AF0-9D6A-F50A1A7E71B7} = {DC40377F-9E63-48D2-868C-1B77B1FF10DF}
		{D62385E8-8E73-4CDE-8C47-146B36C5583E} = {DC40377F-9E63-48D2-868C-1B77B1FF10DF}
		{18CC122B-ABDB-4037-B1E0-EE372ED633DB} = {DC40377F-9E63-48D2-868C-1B77B1FF10DF}
		{BF8EA37D-D850-4549-820A-72A7A10B3C73} = {DC40377F-9E63-48D2-868C-1B77B1FF10DF}
		{6D92842E-8BFE-4F40-869C-B4AE2BDFC453} = {DC40377F-9E63-48D2-868C-1B77B1FF10DF}
		{94031E3B-3AF6-477D-8E91-D3EFA1EEFB5B} = {DC40377F-9E63-48D2-868C-1B77B1FF10DF}
		{D5E1C161-326E-40A0-906B-C139F7546057} = {A8435B98-3824-4910-91B8-7390F425BB16}
		{B111807F-8869-4E88-93BA-409B9BFC82BF} = {AB6310CE-FDAE-4A6F-AC09-E472D033D082}
		{C00149F7-90FE-406B-84BD-307E66F96C3D} = {AB6310CE-FDAE-4A6F-AC09-E472D033D082}
		{E92FF202-D9B2-4B40-BBD0-08E7B03C53BD} = {AB6310CE-FDAE-4A6F-AC09-E472D033D082}
		{FEAB1129-A21A-400E-A3C7-72C6AE8C983E} = {67C78AEA-EA42-447E-BFFE-79B9A5BA25D0}
		{1A046539-FCEE-4292-A697-88EE4774BEA5} = {67C78AEA-EA42-447E-BFFE-79B9A5BA25D0}
		{48790B61-29F2-4B0C-82CF-1C5D5C30DEE4} = {67C78AEA-EA42-447E-BFFE-79B9A5BA25D0}
		{A14F6CE6-8122-4B45-9361-ED81E71D6CE0} = {67C78AEA-EA42-447E-BFFE-79B9A5BA25D0}
		{06B3480A-E502-4334-8530-D69E5CC9922E} = {67C78AEA-EA42-447E-BFFE-79B9A5BA25D0}
		{6B7AD490-8FA1-4836-808E-E82874F9D302} = {67C78AEA-EA42-447E-BFFE-79B9A5BA25D0}
		{266D4683-4C83-412A-96B2-407BCF22BEFD} = {67C78AEA-EA42-447E-BFFE-79B9A5BA25D0}
		{DFA9C04B-B9A8-47FD-A5E2-BEA7C086D86A} = {BA533D2C-43F4-4D5E-A3D7-B8319BDA968A}
		{B665363C-65A9-4F4D-955A-873A28ACA879} = {BA533D2C-43F4-4D5E-A3D7-B8319BDA968A}
		{EAF679D1-9937-4F77-936D-DA8ACF01E659} = {BA533D2C-43F4-4D5E-A3D7-B8319BDA968A}
		{39070F9C-F544-4F8B-AEA7-FB36142997CF} = {DA8862F2-7DF5-4C7B-904E-C5853C693AC2}
		{57CB9B5D-393C-463A-BE14-2D57BEEBF81B} = {DA8862F2-7DF5-4C7B-904E-C5853C693AC2}
		{9B7E4B02-0E68-4CB5-8DED-7DD7EE7898BB} = {DA8862F2-7DF5-4C7B-904E-C5853C693AC2}
		{E6C2F3BD-C01E-4BE1-A6B4-7615D6A9FEDA} = {DA8862F2-7DF5-4C7B-904E-C5853C693AC2}
		{FBBB693F-7CF7-41F5-8D9A-89104D429A55} = {DA8862F2-7DF5-4C7B-904E-C5853C693AC2}
		{165B913C-EA63-43B7-9B8F-E6A416AC9EFA} = {1770A3ED-247B-4CCE-A96F-ECAD587CD172}
		{DDE87842-F792-4D32-954E-E65D28D1F2F4} = {1770A3ED-247B-4CCE-A96F-ECAD587CD172}
		{6B507D56-AFEB-4F2F-A891-0487875280A8} = {1770A3ED-247B-4CCE-A96F-ECAD587CD172}
		{4200ABC7-C214-4F01-95D7-1E79FEAD73DC} = {1770A3ED-247B-4CCE-A96F-ECAD587CD172}
		{2AE83AAC-ADCF-455F-8164-296AC03C123A} = {41AAEB3A-493D-4FCB-A3DD-062C2B53F974}
		{4D50EEBE-97E7-40CC-AED3-B8FF828ED698} = {41AAEB3A-493D-4FCB-A3DD-062C2B53F974}
		{A71280F4-A376-44F2-8C25-0C8E0065F961} = {41AAEB3A-493D-4FCB-A3DD-062C2B53F974}
		{648BD470-8C19-4E5E-8EB5-DA835B2A0B3B} = {41AAEB3A-493D-4FCB-A3DD-062C2B53F974}
		{C84EDF66-4CB0-4CCF-AD5C-67C6D2330FC8} = {41AAEB3A-493D-4FCB-A3DD-062C2B53F974}
	EndGlobalSection
	GlobalSection(ExtensibilityGlobals) = postSolution
		SolutionGuid = {3973CEBD-3CB7-42AE-93A8-F98A5BEA6E47}
	EndGlobalSection
EndGlobal
